// !$*UTF8*$!
{
	archiveVersion = 1;
	classes = {
	};
	objectVersion = 45;
	objects = {

/* Begin PBXBuildFile section */
		4A29349A138B924800C99100 /* MessageTests.cpp in Sources */ = {isa = PBXBuildFile; fileRef = 4A293490138B924800C99100 /* MessageTests.cpp */; };
		4A29349B138B924800C99100 /* ConditionTests.cpp in Sources */ = {isa = PBXBuildFile; fileRef = 4A293491138B924800C99100 /* ConditionTests.cpp */; };
		4A29349C138B924800C99100 /* TestMain.cpp in Sources */ = {isa = PBXBuildFile; fileRef = 4A293492138B924800C99100 /* TestMain.cpp */; };
		4A29349D138B924800C99100 /* ApproxTests.cpp in Sources */ = {isa = PBXBuildFile; fileRef = 4A293494138B924800C99100 /* ApproxTests.cpp */; };
		4A29349E138B924800C99100 /* TrickyTests.cpp in Sources */ = {isa = PBXBuildFile; fileRef = 4A293495138B924800C99100 /* TrickyTests.cpp */; };
		4A29349F138B924800C99100 /* GeneratorTests.cpp in Sources */ = {isa = PBXBuildFile; fileRef = 4A293496138B924800C99100 /* GeneratorTests.cpp */; };
		4A2934A0138B924800C99100 /* MiscTests.cpp in Sources */ = {isa = PBXBuildFile; fileRef = 4A293497138B924800C99100 /* MiscTests.cpp */; };
		4A2934A1138B924800C99100 /* ClassTests.cpp in Sources */ = {isa = PBXBuildFile; fileRef = 4A293498138B924800C99100 /* ClassTests.cpp */; };
		4A2934A2138B924800C99100 /* ExceptionTests.cpp in Sources */ = {isa = PBXBuildFile; fileRef = 4A293499138B924800C99100 /* ExceptionTests.cpp */; };
		8DD76F6A0486A84900D96B5E /* CatchSelfTestSingle.1 in CopyFiles */ = {isa = PBXBuildFile; fileRef = C6859E8B029090EE04C91782 /* CatchSelfTestSingle.1 */; };
/* End PBXBuildFile section */

/* Begin PBXCopyFilesBuildPhase section */
		8DD76F690486A84900D96B5E /* CopyFiles */ = {
			isa = PBXCopyFilesBuildPhase;
			buildActionMask = 8;
			dstPath = /usr/share/man/man1/;
			dstSubfolderSpec = 0;
			files = (
				8DD76F6A0486A84900D96B5E /* CatchSelfTestSingle.1 in CopyFiles */,
			);
			runOnlyForDeploymentPostprocessing = 1;
		};
/* End PBXCopyFilesBuildPhase section */

/* Begin PBXFileReference section */
		4A293490138B924800C99100 /* MessageTests.cpp */ = {isa = PBXFileReference; fileEncoding = 4; lastKnownFileType = sourcecode.cpp.cpp; name = MessageTests.cpp; path = ../../SelfTest/MessageTests.cpp; sourceTree = SOURCE_ROOT; };
		4A293491138B924800C99100 /* ConditionTests.cpp */ = {isa = PBXFileReference; fileEncoding = 4; lastKnownFileType = sourcecode.cpp.cpp; name = ConditionTests.cpp; path = ../../SelfTest/ConditionTests.cpp; sourceTree = SOURCE_ROOT; };
		4A293492138B924800C99100 /* TestMain.cpp */ = {isa = PBXFileReference; fileEncoding = 4; lastKnownFileType = sourcecode.cpp.cpp; name = TestMain.cpp; path = ../../SelfTest/TestMain.cpp; sourceTree = SOURCE_ROOT; };
		4A293493138B924800C99100 /* catch_self_test.hpp */ = {isa = PBXFileReference; fileEncoding = 4; lastKnownFileType = sourcecode.cpp.h; name = catch_self_test.hpp; path = ../../SelfTest/catch_self_test.hpp; sourceTree = SOURCE_ROOT; };
		4A293494138B924800C99100 /* ApproxTests.cpp */ = {isa = PBXFileReference; fileEncoding = 4; lastKnownFileType = sourcecode.cpp.cpp; name = ApproxTests.cpp; path = ../../SelfTest/ApproxTests.cpp; sourceTree = SOURCE_ROOT; };
		4A293495138B924800C99100 /* TrickyTests.cpp */ = {isa = PBXFileReference; fileEncoding = 4; lastKnownFileType = sourcecode.cpp.cpp; name = TrickyTests.cpp; path = ../../SelfTest/TrickyTests.cpp; sourceTree = SOURCE_ROOT; };
		4A293496138B924800C99100 /* GeneratorTests.cpp */ = {isa = PBXFileReference; fileEncoding = 4; lastKnownFileType = sourcecode.cpp.cpp; name = GeneratorTests.cpp; path = ../../SelfTest/GeneratorTests.cpp; sourceTree = SOURCE_ROOT; };
		4A293497138B924800C99100 /* MiscTests.cpp */ = {isa = PBXFileReference; fileEncoding = 4; lastKnownFileType = sourcecode.cpp.cpp; name = MiscTests.cpp; path = ../../SelfTest/MiscTests.cpp; sourceTree = SOURCE_ROOT; };
		4A293498138B924800C99100 /* ClassTests.cpp */ = {isa = PBXFileReference; fileEncoding = 4; lastKnownFileType = sourcecode.cpp.cpp; name = ClassTests.cpp; path = ../../SelfTest/ClassTests.cpp; sourceTree = SOURCE_ROOT; };
		4A293499138B924800C99100 /* ExceptionTests.cpp */ = {isa = PBXFileReference; fileEncoding = 4; lastKnownFileType = sourcecode.cpp.cpp; name = ExceptionTests.cpp; path = ../../SelfTest/ExceptionTests.cpp; sourceTree = SOURCE_ROOT; };
		4A2934A5138B925A00C99100 /* catch.hpp */ = {isa = PBXFileReference; fileEncoding = 4; lastKnownFileType = sourcecode.cpp.h; name = catch.hpp; path = ../../../single_include/catch.hpp; sourceTree = SOURCE_ROOT; };
		8DD76F6C0486A84900D96B5E /* CatchSelfTestSingle */ = {isa = PBXFileReference; explicitFileType = "compiled.mach-o.executable"; includeInIndex = 0; path = CatchSelfTestSingle; sourceTree = BUILT_PRODUCTS_DIR; };
		C6859E8B029090EE04C91782 /* CatchSelfTestSingle.1 */ = {isa = PBXFileReference; lastKnownFileType = text.man; path = CatchSelfTestSingle.1; sourceTree = "<group>"; };
/* End PBXFileReference section */

/* Begin PBXFrameworksBuildPhase section */
		8DD76F660486A84900D96B5E /* Frameworks */ = {
			isa = PBXFrameworksBuildPhase;
			buildActionMask = 2147483647;
			files = (
			);
			runOnlyForDeploymentPostprocessing = 0;
		};
/* End PBXFrameworksBuildPhase section */

/* Begin PBXGroup section */
		08FB7794FE84155DC02AAC07 /* CatchSelfTestSingle */ = {
			isa = PBXGroup;
			children = (
				08FB7795FE84155DC02AAC07 /* Source */,
				C6859E8C029090F304C91782 /* Documentation */,
				1AB674ADFE9D54B511CA2CBB /* Products */,
			);
			name = CatchSelfTestSingle;
			sourceTree = "<group>";
		};
		08FB7795FE84155DC02AAC07 /* Source */ = {
			isa = PBXGroup;
			children = (
				4A2934A5138B925A00C99100 /* catch.hpp */,
				4A293490138B924800C99100 /* MessageTests.cpp */,
				4A293491138B924800C99100 /* ConditionTests.cpp */,
				4A293492138B924800C99100 /* TestMain.cpp */,
				4A293493138B924800C99100 /* catch_self_test.hpp */,
				4A293494138B924800C99100 /* ApproxTests.cpp */,
				4A293495138B924800C99100 /* TrickyTests.cpp */,
				4A293496138B924800C99100 /* GeneratorTests.cpp */,
				4A293497138B924800C99100 /* MiscTests.cpp */,
				4A293498138B924800C99100 /* ClassTests.cpp */,
				4A293499138B924800C99100 /* ExceptionTests.cpp */,
			);
			name = Source;
			sourceTree = "<group>";
		};
		1AB674ADFE9D54B511CA2CBB /* Products */ = {
			isa = PBXGroup;
			children = (
				8DD76F6C0486A84900D96B5E /* CatchSelfTestSingle */,
			);
			name = Products;
			sourceTree = "<group>";
		};
		C6859E8C029090F304C91782 /* Documentation */ = {
			isa = PBXGroup;
			children = (
				C6859E8B029090EE04C91782 /* CatchSelfTestSingle.1 */,
			);
			name = Documentation;
			sourceTree = "<group>";
		};
/* End PBXGroup section */

/* Begin PBXNativeTarget section */
		8DD76F620486A84900D96B5E /* CatchSelfTestSingle */ = {
			isa = PBXNativeTarget;
			buildConfigurationList = 1DEB923108733DC60010E9CD /* Build configuration list for PBXNativeTarget "CatchSelfTestSingle" */;
			buildPhases = (
				8DD76F640486A84900D96B5E /* Sources */,
				8DD76F660486A84900D96B5E /* Frameworks */,
				8DD76F690486A84900D96B5E /* CopyFiles */,
			);
			buildRules = (
			);
			dependencies = (
			);
			name = CatchSelfTestSingle;
			productInstallPath = "$(HOME)/bin";
			productName = CatchSelfTestSingle;
			productReference = 8DD76F6C0486A84900D96B5E /* CatchSelfTestSingle */;
			productType = "com.apple.product-type.tool";
		};
/* End PBXNativeTarget section */

/* Begin PBXProject section */
		08FB7793FE84155DC02AAC07 /* Project object */ = {
			isa = PBXProject;
			buildConfigurationList = 1DEB923508733DC60010E9CD /* Build configuration list for PBXProject "CatchSelfTestSingle" */;
			compatibilityVersion = "Xcode 3.1";
			developmentRegion = English;
			hasScannedForEncodings = 1;
			knownRegions = (
				English,
				Japanese,
				French,
				German,
			);
			mainGroup = 08FB7794FE84155DC02AAC07 /* CatchSelfTestSingle */;
			projectDirPath = "";
			projectRoot = "";
			targets = (
				8DD76F620486A84900D96B5E /* CatchSelfTestSingle */,
			);
		};
/* End PBXProject section */

/* Begin PBXSourcesBuildPhase section */
		8DD76F640486A84900D96B5E /* Sources */ = {
			isa = PBXSourcesBuildPhase;
			buildActionMask = 2147483647;
			files = (
				4A29349A138B924800C99100 /* MessageTests.cpp in Sources */,
				4A29349B138B924800C99100 /* ConditionTests.cpp in Sources */,
				4A29349C138B924800C99100 /* TestMain.cpp in Sources */,
				4A29349D138B924800C99100 /* ApproxTests.cpp in Sources */,
				4A29349E138B924800C99100 /* TrickyTests.cpp in Sources */,
				4A29349F138B924800C99100 /* GeneratorTests.cpp in Sources */,
				4A2934A0138B924800C99100 /* MiscTests.cpp in Sources */,
				4A2934A1138B924800C99100 /* ClassTests.cpp in Sources */,
				4A2934A2138B924800C99100 /* ExceptionTests.cpp in Sources */,
			);
			runOnlyForDeploymentPostprocessing = 0;
		};
/* End PBXSourcesBuildPhase section */

/* Begin XCBuildConfiguration section */
		1DEB923208733DC60010E9CD /* Debug */ = {
			isa = XCBuildConfiguration;
			buildSettings = {
				ALWAYS_SEARCH_USER_PATHS = NO;
				COPY_PHASE_STRIP = NO;
				GCC_DYNAMIC_NO_PIC = NO;
				GCC_ENABLE_FIX_AND_CONTINUE = YES;
				GCC_MODEL_TUNING = G5;
				GCC_OPTIMIZATION_LEVEL = 0;
				INSTALL_PATH = /usr/local/bin;
				PRODUCT_NAME = CatchSelfTestSingle;
			};
			name = Debug;
		};
		1DEB923308733DC60010E9CD /* Release */ = {
			isa = XCBuildConfiguration;
			buildSettings = {
				ALWAYS_SEARCH_USER_PATHS = NO;
				DEBUG_INFORMATION_FORMAT = "dwarf-with-dsym";
				GCC_MODEL_TUNING = G5;
				INSTALL_PATH = /usr/local/bin;
				PRODUCT_NAME = CatchSelfTestSingle;
			};
			name = Release;
		};
		1DEB923608733DC60010E9CD /* Debug */ = {
			isa = XCBuildConfiguration;
			buildSettings = {
				ARCHS = "$(ARCHS_STANDARD_32_64_BIT)";
				GCC_C_LANGUAGE_STANDARD = gnu99;
				GCC_OPTIMIZATION_LEVEL = 0;
				GCC_WARN_ABOUT_RETURN_TYPE = YES;
				GCC_WARN_UNUSED_VARIABLE = YES;
				ONLY_ACTIVE_ARCH = YES;
				PREBINDING = NO;
				SDKROOT = macosx10.6;
			};
			name = Debug;
		};
		1DEB923708733DC60010E9CD /* Release */ = {
			isa = XCBuildConfiguration;
			buildSettings = {
				ARCHS = "$(ARCHS_STANDARD_32_64_BIT)";
				GCC_C_LANGUAGE_STANDARD = gnu99;
				GCC_WARN_ABOUT_RETURN_TYPE = YES;
				GCC_WARN_UNUSED_VARIABLE = YES;
				PREBINDING = NO;
				SDKROOT = macosx10.6;
			};
			name = Release;
		};
/* End XCBuildConfiguration section */

/* Begin XCConfigurationList section */
		1DEB923108733DC60010E9CD /* Build configuration list for PBXNativeTarget "CatchSelfTestSingle" */ = {
			isa = XCConfigurationList;
			buildConfigurations = (
				1DEB923208733DC60010E9CD /* Debug */,
				1DEB923308733DC60010E9CD /* Release */,
			);
			defaultConfigurationIsVisible = 0;
			defaultConfigurationName = Release;
		};
		1DEB923508733DC60010E9CD /* Build configuration list for PBXProject "CatchSelfTestSingle" */ = {
			isa = XCConfigurationList;
			buildConfigurations = (
				1DEB923608733DC60010E9CD /* Debug */,
				1DEB923708733DC60010E9CD /* Release */,
			);
			defaultConfigurationIsVisible = 0;
			defaultConfigurationName = Release;
		};
/* End XCConfigurationList section */
	};
	rootObject = 08FB7793FE84155DC02AAC07 /* Project object */;
}
