// !$*UTF8*$!
{
	archiveVersion = 1;
	classes = {
	};
	objectVersion = 46;
	objects = {

/* Begin PBXBuildFile section */
		26059AF21BD4B94C003D575C /* PartTrackerTests.cpp in Sources */ = {isa = PBXBuildFile; fileRef = 26059AF11BD4B94C003D575C /* PartTrackerTests.cpp */; };
		263F7A4719B6FCBF009474C2 /* EnumToString.cpp in Sources */ = {isa = PBXBuildFile; fileRef = 263F7A4619B6FCBF009474C2 /* EnumToString.cpp */; };
		263F7A4B19B6FE1E009474C2 /* ToStringPair.cpp in Sources */ = {isa = PBXBuildFile; fileRef = 263F7A4819B6FE1E009474C2 /* ToStringPair.cpp */; };
		263F7A4C19B6FE1E009474C2 /* ToStringVector.cpp in Sources */ = {isa = PBXBuildFile; fileRef = 263F7A4919B6FE1E009474C2 /* ToStringVector.cpp */; };
		263F7A4D19B6FE1E009474C2 /* ToStringWhich.cpp in Sources */ = {isa = PBXBuildFile; fileRef = 263F7A4A19B6FE1E009474C2 /* ToStringWhich.cpp */; };
		2656C2211925E7330040DB02 /* catch_test_spec.cpp in Sources */ = {isa = PBXBuildFile; fileRef = 2656C2201925E7330040DB02 /* catch_test_spec.cpp */; };
		266B06B816F3A60A004ED264 /* VariadicMacrosTests.cpp in Sources */ = {isa = PBXBuildFile; fileRef = 266B06B616F3A60A004ED264 /* VariadicMacrosTests.cpp */; };
		266ECD74170F3C620030D735 /* BDDTests.cpp in Sources */ = {isa = PBXBuildFile; fileRef = 266ECD73170F3C620030D735 /* BDDTests.cpp */; };
		26711C8F195D465C0033EDA2 /* TagAliasTests.cpp in Sources */ = {isa = PBXBuildFile; fileRef = 26711C8D195D465C0033EDA2 /* TagAliasTests.cpp */; };
		26847E5F16BBADB40043B9C1 /* catch_message.cpp in Sources */ = {isa = PBXBuildFile; fileRef = 26847E5D16BBADB40043B9C1 /* catch_message.cpp */; };
		2691574C1A532A280054F1ED /* ToStringTuple.cpp in Sources */ = {isa = PBXBuildFile; fileRef = 2691574B1A532A280054F1ED /* ToStringTuple.cpp */; };
		2694A1FD16A0000E004816E3 /* catch_text.cpp in Sources */ = {isa = PBXBuildFile; fileRef = 2694A1FB16A0000E004816E3 /* catch_text.cpp */; };
		26E1B7D319213BC900812682 /* CmdLineTests.cpp in Sources */ = {isa = PBXBuildFile; fileRef = 26E1B7D119213BC900812682 /* CmdLineTests.cpp */; };
		4A45DA2416161EF9004F8D6B /* catch_console_colour.cpp in Sources */ = {isa = PBXBuildFile; fileRef = 4A45DA2316161EF9004F8D6B /* catch_console_colour.cpp */; };
		4A45DA2716161F1F004F8D6B /* catch_ptr.cpp in Sources */ = {isa = PBXBuildFile; fileRef = 4A45DA2616161F1F004F8D6B /* catch_ptr.cpp */; };
		4A45DA2916161F3D004F8D6B /* catch_streambuf.cpp in Sources */ = {isa = PBXBuildFile; fileRef = 4A45DA2816161F3D004F8D6B /* catch_streambuf.cpp */; };
		4A45DA2B16161F79004F8D6B /* catch_interfaces_registry_hub.cpp in Sources */ = {isa = PBXBuildFile; fileRef = 4A45DA2A16161F79004F8D6B /* catch_interfaces_registry_hub.cpp */; };
		4A45DA2D16161FA2004F8D6B /* catch_interfaces_capture.cpp in Sources */ = {isa = PBXBuildFile; fileRef = 4A45DA2C16161FA2004F8D6B /* catch_interfaces_capture.cpp */; };
		4A45DA3116161FFC004F8D6B /* catch_interfaces_reporter.cpp in Sources */ = {isa = PBXBuildFile; fileRef = 4A45DA3016161FFB004F8D6B /* catch_interfaces_reporter.cpp */; };
		4A45DA3316162047004F8D6B /* catch_interfaces_exception.cpp in Sources */ = {isa = PBXBuildFile; fileRef = 4A45DA3216162047004F8D6B /* catch_interfaces_exception.cpp */; };
		4A45DA3516162071004F8D6B /* catch_interfaces_runner.cpp in Sources */ = {isa = PBXBuildFile; fileRef = 4A45DA3416162071004F8D6B /* catch_interfaces_runner.cpp */; };
		4A6D0C27149B3D3B00DB3EAA /* CatchSelfTest.1 in CopyFiles */ = {isa = PBXBuildFile; fileRef = 4A6D0C26149B3D3B00DB3EAA /* CatchSelfTest.1 */; };
		4A6D0C37149B3D9E00DB3EAA /* ApproxTests.cpp in Sources */ = {isa = PBXBuildFile; fileRef = 4A6D0C2D149B3D9E00DB3EAA /* ApproxTests.cpp */; };
		4A6D0C38149B3D9E00DB3EAA /* ClassTests.cpp in Sources */ = {isa = PBXBuildFile; fileRef = 4A6D0C2F149B3D9E00DB3EAA /* ClassTests.cpp */; };
		4A6D0C39149B3D9E00DB3EAA /* ConditionTests.cpp in Sources */ = {isa = PBXBuildFile; fileRef = 4A6D0C30149B3D9E00DB3EAA /* ConditionTests.cpp */; };
		4A6D0C3A149B3D9E00DB3EAA /* ExceptionTests.cpp in Sources */ = {isa = PBXBuildFile; fileRef = 4A6D0C31149B3D9E00DB3EAA /* ExceptionTests.cpp */; };
		4A6D0C3B149B3D9E00DB3EAA /* GeneratorTests.cpp in Sources */ = {isa = PBXBuildFile; fileRef = 4A6D0C32149B3D9E00DB3EAA /* GeneratorTests.cpp */; };
		4A6D0C3C149B3D9E00DB3EAA /* MessageTests.cpp in Sources */ = {isa = PBXBuildFile; fileRef = 4A6D0C33149B3D9E00DB3EAA /* MessageTests.cpp */; };
		4A6D0C3D149B3D9E00DB3EAA /* MiscTests.cpp in Sources */ = {isa = PBXBuildFile; fileRef = 4A6D0C34149B3D9E00DB3EAA /* MiscTests.cpp */; };
		4A6D0C3E149B3D9E00DB3EAA /* TestMain.cpp in Sources */ = {isa = PBXBuildFile; fileRef = 4A6D0C35149B3D9E00DB3EAA /* TestMain.cpp */; };
		4A6D0C3F149B3D9E00DB3EAA /* TrickyTests.cpp in Sources */ = {isa = PBXBuildFile; fileRef = 4A6D0C36149B3D9E00DB3EAA /* TrickyTests.cpp */; };
		4AB3D99D1616216500C9A0F8 /* catch_interfaces_testcase.cpp in Sources */ = {isa = PBXBuildFile; fileRef = 4AB3D99C1616216500C9A0F8 /* catch_interfaces_testcase.cpp */; };
		4AB3D9A01616219100C9A0F8 /* catch_interfaces_config.cpp in Sources */ = {isa = PBXBuildFile; fileRef = 4AB3D99F1616219100C9A0F8 /* catch_interfaces_config.cpp */; };
		4AB3D9A2161621B500C9A0F8 /* catch_interfaces_generators.cpp in Sources */ = {isa = PBXBuildFile; fileRef = 4AB3D9A1161621B500C9A0F8 /* catch_interfaces_generators.cpp */; };
		4ACE21CC166CA1B300FB5509 /* catch_option.cpp in Sources */ = {isa = PBXBuildFile; fileRef = 4ACE21CA166CA1B300FB5509 /* catch_option.cpp */; };
		4AEE032016142F910071E950 /* catch_common.cpp in Sources */ = {isa = PBXBuildFile; fileRef = 4AEE031F16142F910071E950 /* catch_common.cpp */; };
		4AEE032316142FC70071E950 /* catch_debugger.cpp in Sources */ = {isa = PBXBuildFile; fileRef = 4AEE032216142FC70071E950 /* catch_debugger.cpp */; };
		4AEE032516142FF10071E950 /* catch_stream.cpp in Sources */ = {isa = PBXBuildFile; fileRef = 4AEE032416142FF10071E950 /* catch_stream.cpp */; };
		4AEE0328161434FD0071E950 /* catch_xmlwriter.cpp in Sources */ = {isa = PBXBuildFile; fileRef = 4AEE0327161434FD0071E950 /* catch_xmlwriter.cpp */; };
/* End PBXBuildFile section */

/* Begin PBXCopyFilesBuildPhase section */
		4A6D0C1E149B3D3B00DB3EAA /* CopyFiles */ = {
			isa = PBXCopyFilesBuildPhase;
			buildActionMask = 2147483647;
			dstPath = /usr/share/man/man1/;
			dstSubfolderSpec = 0;
			files = (
				4A6D0C27149B3D3B00DB3EAA /* CatchSelfTest.1 in CopyFiles */,
			);
			runOnlyForDeploymentPostprocessing = 1;
		};
/* End PBXCopyFilesBuildPhase section */

/* Begin PBXFileReference section */
		26059AF11BD4B94C003D575C /* PartTrackerTests.cpp */ = {isa = PBXFileReference; fileEncoding = 4; lastKnownFileType = sourcecode.cpp.cpp; name = PartTrackerTests.cpp; path = ../../../SelfTest/PartTrackerTests.cpp; sourceTree = "<group>"; };
		261488FA184C81130041FBEB /* catch_test_spec.hpp */ = {isa = PBXFileReference; lastKnownFileType = sourcecode.cpp.h; path = catch_test_spec.hpp; sourceTree = "<group>"; };
		261488FC184D1DC10041FBEB /* catch_stream.h */ = {isa = PBXFileReference; lastKnownFileType = sourcecode.c.h; path = catch_stream.h; sourceTree = "<group>"; };
		261488FD184D21290041FBEB /* catch_section_info.h */ = {isa = PBXFileReference; lastKnownFileType = sourcecode.c.h; path = catch_section_info.h; sourceTree = "<group>"; };
		261488FE184DC32F0041FBEB /* catch_section.h */ = {isa = PBXFileReference; lastKnownFileType = sourcecode.c.h; path = catch_section.h; sourceTree = "<group>"; };
		261488FF184DC4A20041FBEB /* catch_debugger.h */ = {isa = PBXFileReference; lastKnownFileType = sourcecode.c.h; path = catch_debugger.h; sourceTree = "<group>"; };
		2627F7051935B16F009BCE2D /* catch_result_builder.h */ = {isa = PBXFileReference; fileEncoding = 4; lastKnownFileType = sourcecode.c.h; path = catch_result_builder.h; sourceTree = "<group>"; };
		2627F7061935B55F009BCE2D /* catch_result_builder.hpp */ = {isa = PBXFileReference; lastKnownFileType = sourcecode.cpp.h; path = catch_result_builder.hpp; sourceTree = "<group>"; };
		262E7399184673A800CAC268 /* catch_reporter_bases.hpp */ = {isa = PBXFileReference; lastKnownFileType = sourcecode.cpp.h; path = catch_reporter_bases.hpp; sourceTree = "<group>"; };
		262E739A1846759000CAC268 /* catch_common.hpp */ = {isa = PBXFileReference; lastKnownFileType = sourcecode.cpp.h; path = catch_common.hpp; sourceTree = "<group>"; };
		263F7A4519A66608009474C2 /* catch_fatal_condition.hpp */ = {isa = PBXFileReference; lastKnownFileType = sourcecode.cpp.h; path = catch_fatal_condition.hpp; sourceTree = "<group>"; };
		263F7A4619B6FCBF009474C2 /* EnumToString.cpp */ = {isa = PBXFileReference; fileEncoding = 4; lastKnownFileType = sourcecode.cpp.cpp; name = EnumToString.cpp; path = ../../../SelfTest/EnumToString.cpp; sourceTree = "<group>"; };
		263F7A4819B6FE1E009474C2 /* ToStringPair.cpp */ = {isa = PBXFileReference; fileEncoding = 4; lastKnownFileType = sourcecode.cpp.cpp; name = ToStringPair.cpp; path = ../../../SelfTest/ToStringPair.cpp; sourceTree = "<group>"; };
		263F7A4919B6FE1E009474C2 /* ToStringVector.cpp */ = {isa = PBXFileReference; fileEncoding = 4; lastKnownFileType = sourcecode.cpp.cpp; name = ToStringVector.cpp; path = ../../../SelfTest/ToStringVector.cpp; sourceTree = "<group>"; };
		263F7A4A19B6FE1E009474C2 /* ToStringWhich.cpp */ = {isa = PBXFileReference; fileEncoding = 4; lastKnownFileType = sourcecode.cpp.cpp; name = ToStringWhich.cpp; path = ../../../SelfTest/ToStringWhich.cpp; sourceTree = "<group>"; };
		263FD06017AF8DF200988A20 /* catch_timer.hpp */ = {isa = PBXFileReference; fileEncoding = 4; lastKnownFileType = sourcecode.cpp.h; path = catch_timer.hpp; sourceTree = "<group>"; };
		263FD06117AF8DF200988A20 /* catch_timer.h */ = {isa = PBXFileReference; fileEncoding = 4; lastKnownFileType = sourcecode.c.h; path = catch_timer.h; sourceTree = "<group>"; };
		2656C21F1925E5100040DB02 /* catch_test_spec_parser.hpp */ = {isa = PBXFileReference; fileEncoding = 4; lastKnownFileType = sourcecode.cpp.h; path = catch_test_spec_parser.hpp; sourceTree = "<group>"; };
		2656C2201925E7330040DB02 /* catch_test_spec.cpp */ = {isa = PBXFileReference; fileEncoding = 4; lastKnownFileType = sourcecode.cpp.cpp; name = catch_test_spec.cpp; path = ../../../SelfTest/SurrogateCpps/catch_test_spec.cpp; sourceTree = "<group>"; };
		2656C226192A77EF0040DB02 /* catch_suppress_warnings.h */ = {isa = PBXFileReference; lastKnownFileType = sourcecode.c.h; path = catch_suppress_warnings.h; sourceTree = "<group>"; };
		2656C227192A78410040DB02 /* catch_reenable_warnings.h */ = {isa = PBXFileReference; lastKnownFileType = sourcecode.c.h; path = catch_reenable_warnings.h; sourceTree = "<group>"; };
		266B06B616F3A60A004ED264 /* VariadicMacrosTests.cpp */ = {isa = PBXFileReference; fileEncoding = 4; lastKnownFileType = sourcecode.cpp.cpp; name = VariadicMacrosTests.cpp; path = ../../../SelfTest/VariadicMacrosTests.cpp; sourceTree = "<group>"; };
		266ECD73170F3C620030D735 /* BDDTests.cpp */ = {isa = PBXFileReference; fileEncoding = 4; lastKnownFileType = sourcecode.cpp.cpp; name = BDDTests.cpp; path = ../../../SelfTest/BDDTests.cpp; sourceTree = "<group>"; };
		266ECD8C1713614B0030D735 /* catch_legacy_reporter_adapter.hpp */ = {isa = PBXFileReference; fileEncoding = 4; lastKnownFileType = sourcecode.cpp.h; path = catch_legacy_reporter_adapter.hpp; sourceTree = "<group>"; };
		266ECD8D1713614B0030D735 /* catch_legacy_reporter_adapter.h */ = {isa = PBXFileReference; fileEncoding = 4; lastKnownFileType = sourcecode.c.h; path = catch_legacy_reporter_adapter.h; sourceTree = "<group>"; };
		26711C8D195D465C0033EDA2 /* TagAliasTests.cpp */ = {isa = PBXFileReference; fileEncoding = 4; lastKnownFileType = sourcecode.cpp.cpp; name = TagAliasTests.cpp; path = ../../../SelfTest/TagAliasTests.cpp; sourceTree = "<group>"; };
		26711C90195D46CD0033EDA2 /* catch_interfaces_tag_alias_registry.h */ = {isa = PBXFileReference; lastKnownFileType = sourcecode.c.h; path = catch_interfaces_tag_alias_registry.h; sourceTree = "<group>"; };
		26711C91195D47820033EDA2 /* catch_tag_alias.h */ = {isa = PBXFileReference; lastKnownFileType = sourcecode.c.h; path = catch_tag_alias.h; sourceTree = "<group>"; };
		26711C92195D48F60033EDA2 /* catch_tag_alias_registry.hpp */ = {isa = PBXFileReference; fileEncoding = 4; lastKnownFileType = sourcecode.cpp.h; path = catch_tag_alias_registry.hpp; sourceTree = "<group>"; };
		26711C94195D4B120033EDA2 /* catch_tag_alias_registry.h */ = {isa = PBXFileReference; lastKnownFileType = sourcecode.c.h; path = catch_tag_alias_registry.h; sourceTree = "<group>"; };
		26759473171C74C200A84BD1 /* catch_compiler_capabilities.h */ = {isa = PBXFileReference; lastKnownFileType = sourcecode.c.h; lineEnding = 0; path = catch_compiler_capabilities.h; sourceTree = "<group>"; xcLanguageSpecificationIdentifier = xcode.lang.objcpp; };
		26847E5B16BBAB790043B9C1 /* catch_message.h */ = {isa = PBXFileReference; lastKnownFileType = sourcecode.c.h; path = catch_message.h; sourceTree = "<group>"; };
		26847E5C16BBACB60043B9C1 /* catch_message.hpp */ = {isa = PBXFileReference; lastKnownFileType = sourcecode.cpp.h; path = catch_message.hpp; sourceTree = "<group>"; };
		26847E5D16BBADB40043B9C1 /* catch_message.cpp */ = {isa = PBXFileReference; fileEncoding = 4; lastKnownFileType = sourcecode.cpp.cpp; name = catch_message.cpp; path = ../../../SelfTest/SurrogateCpps/catch_message.cpp; sourceTree = "<group>"; };
		268F47B018A93F7800D8C14F /* catch_clara.h */ = {isa = PBXFileReference; lastKnownFileType = sourcecode.c.h; path = catch_clara.h; sourceTree = "<group>"; };
		2691574A1A4480C50054F1ED /* catch_reporter_teamcity.hpp */ = {isa = PBXFileReference; fileEncoding = 4; lastKnownFileType = sourcecode.cpp.h; path = catch_reporter_teamcity.hpp; sourceTree = "<group>"; };
		2691574B1A532A280054F1ED /* ToStringTuple.cpp */ = {isa = PBXFileReference; fileEncoding = 4; lastKnownFileType = sourcecode.cpp.cpp; name = ToStringTuple.cpp; path = ../../../SelfTest/ToStringTuple.cpp; sourceTree = "<group>"; };
		26926E8318D7777D004E10F2 /* clara.h */ = {isa = PBXFileReference; fileEncoding = 4; lastKnownFileType = sourcecode.c.h; name = clara.h; path = ../../../../include/external/clara.h; sourceTree = "<group>"; };
		26926E8418D77809004E10F2 /* tbc_text_format.h */ = {isa = PBXFileReference; fileEncoding = 4; lastKnownFileType = sourcecode.c.h; name = tbc_text_format.h; path = ../../../../include/external/tbc_text_format.h; sourceTree = "<group>"; };
		26948287179EF7F900ED166E /* catch_test_case_tracker.hpp */ = {isa = PBXFileReference; lastKnownFileType = sourcecode.cpp.h; path = catch_test_case_tracker.hpp; sourceTree = "<group>"; };
		2694A1FB16A0000E004816E3 /* catch_text.cpp */ = {isa = PBXFileReference; fileEncoding = 4; lastKnownFileType = sourcecode.cpp.cpp; path = catch_text.cpp; sourceTree = "<group>"; };
		269831E519078C1600BB0CE0 /* catch_tostring.h */ = {isa = PBXFileReference; fileEncoding = 4; lastKnownFileType = sourcecode.c.h; path = catch_tostring.h; sourceTree = "<group>"; };
		269831E619078CA200BB0CE0 /* catch_tostring.hpp */ = {isa = PBXFileReference; lastKnownFileType = sourcecode.cpp.h; path = catch_tostring.hpp; sourceTree = "<group>"; };
		269831E719121CA500BB0CE0 /* catch_reporter_compact.hpp */ = {isa = PBXFileReference; fileEncoding = 4; lastKnownFileType = sourcecode.cpp.h; path = catch_reporter_compact.hpp; sourceTree = "<group>"; };
		26AEAF1617BEA18E009E32C9 /* catch_platform.h */ = {isa = PBXFileReference; lastKnownFileType = sourcecode.c.h; path = catch_platform.h; sourceTree = "<group>"; };
		26DACF2F17206D3400A21326 /* catch_text.h */ = {isa = PBXFileReference; lastKnownFileType = sourcecode.c.h; path = catch_text.h; sourceTree = "<group>"; };
		26DFD3B11B53F84700FD6F16 /* catch_wildcard_pattern.hpp */ = {isa = PBXFileReference; lastKnownFileType = sourcecode.cpp.h; path = catch_wildcard_pattern.hpp; sourceTree = "<group>"; };
		26E1B7D119213BC900812682 /* CmdLineTests.cpp */ = {isa = PBXFileReference; fileEncoding = 4; lastKnownFileType = sourcecode.cpp.cpp; name = CmdLineTests.cpp; path = ../../../SelfTest/CmdLineTests.cpp; sourceTree = "<group>"; };
		26EDFBD91B72011F00B1873C /* catch_reporter_multi.hpp */ = {isa = PBXFileReference; lastKnownFileType = sourcecode.cpp.h; path = catch_reporter_multi.hpp; sourceTree = "<group>"; };
		4A084F1C15DACEEA0027E631 /* catch_test_case_info.hpp */ = {isa = PBXFileReference; lastKnownFileType = sourcecode.cpp.h; path = catch_test_case_info.hpp; sourceTree = "<group>"; };
		4A3D7DD01503869D005F9203 /* catch_matchers.hpp */ = {isa = PBXFileReference; fileEncoding = 4; lastKnownFileType = sourcecode.cpp.h; path = catch_matchers.hpp; sourceTree = "<group>"; };
		4A45DA2316161EF9004F8D6B /* catch_console_colour.cpp */ = {isa = PBXFileReference; fileEncoding = 4; lastKnownFileType = sourcecode.cpp.cpp; name = catch_console_colour.cpp; path = ../../../SelfTest/SurrogateCpps/catch_console_colour.cpp; sourceTree = "<group>"; };
		4A45DA2616161F1F004F8D6B /* catch_ptr.cpp */ = {isa = PBXFileReference; fileEncoding = 4; lastKnownFileType = sourcecode.cpp.cpp; name = catch_ptr.cpp; path = ../../../SelfTest/SurrogateCpps/catch_ptr.cpp; sourceTree = "<group>"; };
		4A45DA2816161F3D004F8D6B /* catch_streambuf.cpp */ = {isa = PBXFileReference; fileEncoding = 4; lastKnownFileType = sourcecode.cpp.cpp; name = catch_streambuf.cpp; path = ../../../SelfTest/SurrogateCpps/catch_streambuf.cpp; sourceTree = "<group>"; };
		4A45DA2A16161F79004F8D6B /* catch_interfaces_registry_hub.cpp */ = {isa = PBXFileReference; fileEncoding = 4; lastKnownFileType = sourcecode.cpp.cpp; name = catch_interfaces_registry_hub.cpp; path = ../../../SelfTest/SurrogateCpps/catch_interfaces_registry_hub.cpp; sourceTree = "<group>"; };
		4A45DA2C16161FA2004F8D6B /* catch_interfaces_capture.cpp */ = {isa = PBXFileReference; fileEncoding = 4; lastKnownFileType = sourcecode.cpp.cpp; name = catch_interfaces_capture.cpp; path = ../../../SelfTest/SurrogateCpps/catch_interfaces_capture.cpp; sourceTree = "<group>"; };
		4A45DA3016161FFB004F8D6B /* catch_interfaces_reporter.cpp */ = {isa = PBXFileReference; fileEncoding = 4; lastKnownFileType = sourcecode.cpp.cpp; name = catch_interfaces_reporter.cpp; path = ../../../SelfTest/SurrogateCpps/catch_interfaces_reporter.cpp; sourceTree = "<group>"; };
		4A45DA3216162047004F8D6B /* catch_interfaces_exception.cpp */ = {isa = PBXFileReference; fileEncoding = 4; lastKnownFileType = sourcecode.cpp.cpp; name = catch_interfaces_exception.cpp; path = ../../../SelfTest/SurrogateCpps/catch_interfaces_exception.cpp; sourceTree = "<group>"; };
		4A45DA3416162071004F8D6B /* catch_interfaces_runner.cpp */ = {isa = PBXFileReference; fileEncoding = 4; lastKnownFileType = sourcecode.cpp.cpp; name = catch_interfaces_runner.cpp; path = ../../../SelfTest/SurrogateCpps/catch_interfaces_runner.cpp; sourceTree = "<group>"; };
		4A4B0F9715CE6CFB00AE2392 /* catch_registry_hub.hpp */ = {isa = PBXFileReference; fileEncoding = 4; lastKnownFileType = sourcecode.cpp.h; lineEnding = 0; path = catch_registry_hub.hpp; sourceTree = "<group>"; xcLanguageSpecificationIdentifier = xcode.lang.cpp; };
		4A4B0F9915CE6EC100AE2392 /* catch_interfaces_registry_hub.h */ = {isa = PBXFileReference; lastKnownFileType = sourcecode.c.h; lineEnding = 0; path = catch_interfaces_registry_hub.h; sourceTree = "<group>"; xcLanguageSpecificationIdentifier = xcode.lang.objcpp; };
		4A4B0F9A15CEF84800AE2392 /* catch_notimplemented_exception.h */ = {isa = PBXFileReference; lastKnownFileType = sourcecode.c.h; path = catch_notimplemented_exception.h; sourceTree = "<group>"; };
		4A4B0F9B15CEF8C400AE2392 /* catch_notimplemented_exception.hpp */ = {isa = PBXFileReference; fileEncoding = 4; lastKnownFileType = sourcecode.cpp.h; path = catch_notimplemented_exception.hpp; sourceTree = "<group>"; };
		4A4B0F9C15CEFA8300AE2392 /* catch_impl.hpp */ = {isa = PBXFileReference; fileEncoding = 4; lastKnownFileType = sourcecode.cpp.h; lineEnding = 0; path = catch_impl.hpp; sourceTree = "<group>"; xcLanguageSpecificationIdentifier = xcode.lang.cpp; };
		4A6D0C20149B3D3B00DB3EAA /* CatchSelfTest */ = {isa = PBXFileReference; explicitFileType = "compiled.mach-o.executable"; includeInIndex = 0; path = CatchSelfTest; sourceTree = BUILT_PRODUCTS_DIR; };
		4A6D0C26149B3D3B00DB3EAA /* CatchSelfTest.1 */ = {isa = PBXFileReference; lastKnownFileType = text.man; path = CatchSelfTest.1; sourceTree = "<group>"; };
		4A6D0C2D149B3D9E00DB3EAA /* ApproxTests.cpp */ = {isa = PBXFileReference; fileEncoding = 4; lastKnownFileType = sourcecode.cpp.cpp; name = ApproxTests.cpp; path = ../../../SelfTest/ApproxTests.cpp; sourceTree = "<group>"; };
		4A6D0C2F149B3D9E00DB3EAA /* ClassTests.cpp */ = {isa = PBXFileReference; fileEncoding = 4; lastKnownFileType = sourcecode.cpp.cpp; name = ClassTests.cpp; path = ../../../SelfTest/ClassTests.cpp; sourceTree = "<group>"; };
		4A6D0C30149B3D9E00DB3EAA /* ConditionTests.cpp */ = {isa = PBXFileReference; fileEncoding = 4; lastKnownFileType = sourcecode.cpp.cpp; name = ConditionTests.cpp; path = ../../../SelfTest/ConditionTests.cpp; sourceTree = "<group>"; };
		4A6D0C31149B3D9E00DB3EAA /* ExceptionTests.cpp */ = {isa = PBXFileReference; fileEncoding = 4; lastKnownFileType = sourcecode.cpp.cpp; name = ExceptionTests.cpp; path = ../../../SelfTest/ExceptionTests.cpp; sourceTree = "<group>"; };
		4A6D0C32149B3D9E00DB3EAA /* GeneratorTests.cpp */ = {isa = PBXFileReference; fileEncoding = 4; lastKnownFileType = sourcecode.cpp.cpp; name = GeneratorTests.cpp; path = ../../../SelfTest/GeneratorTests.cpp; sourceTree = "<group>"; };
		4A6D0C33149B3D9E00DB3EAA /* MessageTests.cpp */ = {isa = PBXFileReference; fileEncoding = 4; lastKnownFileType = sourcecode.cpp.cpp; name = MessageTests.cpp; path = ../../../SelfTest/MessageTests.cpp; sourceTree = "<group>"; };
		4A6D0C34149B3D9E00DB3EAA /* MiscTests.cpp */ = {isa = PBXFileReference; fileEncoding = 4; lastKnownFileType = sourcecode.cpp.cpp; name = MiscTests.cpp; path = ../../../SelfTest/MiscTests.cpp; sourceTree = "<group>"; };
		4A6D0C35149B3D9E00DB3EAA /* TestMain.cpp */ = {isa = PBXFileReference; fileEncoding = 4; lastKnownFileType = sourcecode.cpp.cpp; name = TestMain.cpp; path = ../../../SelfTest/TestMain.cpp; sourceTree = "<group>"; };
		4A6D0C36149B3D9E00DB3EAA /* TrickyTests.cpp */ = {isa = PBXFileReference; fileEncoding = 4; lastKnownFileType = sourcecode.cpp.cpp; name = TrickyTests.cpp; path = ../../../SelfTest/TrickyTests.cpp; sourceTree = "<group>"; };
		4A6D0C42149B3E1500DB3EAA /* catch_session.hpp */ = {isa = PBXFileReference; fileEncoding = 4; lastKnownFileType = sourcecode.cpp.h; lineEnding = 0; name = catch_session.hpp; path = ../../../../include/catch_session.hpp; sourceTree = "<group>"; xcLanguageSpecificationIdentifier = xcode.lang.cpp; };
		4A6D0C43149B3E1500DB3EAA /* catch_with_main.hpp */ = {isa = PBXFileReference; fileEncoding = 4; lastKnownFileType = sourcecode.cpp.h; name = catch_with_main.hpp; path = ../../../../include/catch_with_main.hpp; sourceTree = "<group>"; };
		4A6D0C44149B3E1500DB3EAA /* catch.hpp */ = {isa = PBXFileReference; fileEncoding = 4; lastKnownFileType = sourcecode.cpp.h; name = catch.hpp; path = ../../../../include/catch.hpp; sourceTree = "<group>"; };
		4A6D0C46149B3E3D00DB3EAA /* catch_approx.hpp */ = {isa = PBXFileReference; fileEncoding = 4; lastKnownFileType = sourcecode.cpp.h; path = catch_approx.hpp; sourceTree = "<group>"; };
		4A6D0C47149B3E3D00DB3EAA /* catch_capture.hpp */ = {isa = PBXFileReference; fileEncoding = 4; lastKnownFileType = sourcecode.cpp.h; lineEnding = 0; path = catch_capture.hpp; sourceTree = "<group>"; xcLanguageSpecificationIdentifier = xcode.lang.cpp; };
		4A6D0C48149B3E3D00DB3EAA /* catch_commandline.hpp */ = {isa = PBXFileReference; fileEncoding = 4; lastKnownFileType = sourcecode.cpp.h; path = catch_commandline.hpp; sourceTree = "<group>"; };
		4A6D0C49149B3E3D00DB3EAA /* catch_common.h */ = {isa = PBXFileReference; fileEncoding = 4; lastKnownFileType = sourcecode.c.h; path = catch_common.h; sourceTree = "<group>"; };
		4A6D0C4A149B3E3D00DB3EAA /* catch_config.hpp */ = {isa = PBXFileReference; fileEncoding = 4; lastKnownFileType = sourcecode.cpp.h; path = catch_config.hpp; sourceTree = "<group>"; };
		4A6D0C4B149B3E3D00DB3EAA /* catch_debugger.hpp */ = {isa = PBXFileReference; fileEncoding = 4; lastKnownFileType = sourcecode.cpp.h; path = catch_debugger.hpp; sourceTree = "<group>"; };
		4A6D0C4C149B3E3D00DB3EAA /* catch_default_main.hpp */ = {isa = PBXFileReference; fileEncoding = 4; lastKnownFileType = sourcecode.cpp.h; path = catch_default_main.hpp; sourceTree = "<group>"; };
		4A6D0C4D149B3E3D00DB3EAA /* catch_evaluate.hpp */ = {isa = PBXFileReference; fileEncoding = 4; lastKnownFileType = sourcecode.cpp.h; lineEnding = 0; path = catch_evaluate.hpp; sourceTree = "<group>"; xcLanguageSpecificationIdentifier = xcode.lang.cpp; };
		4A6D0C4E149B3E3D00DB3EAA /* catch_exception_translator_registry.hpp */ = {isa = PBXFileReference; fileEncoding = 4; lastKnownFileType = sourcecode.cpp.h; path = catch_exception_translator_registry.hpp; sourceTree = "<group>"; };
		4A6D0C4F149B3E3D00DB3EAA /* catch_generators.hpp */ = {isa = PBXFileReference; fileEncoding = 4; lastKnownFileType = sourcecode.cpp.h; path = catch_generators.hpp; sourceTree = "<group>"; };
		4A6D0C50149B3E3D00DB3EAA /* catch_generators_impl.hpp */ = {isa = PBXFileReference; fileEncoding = 4; lastKnownFileType = sourcecode.cpp.h; path = catch_generators_impl.hpp; sourceTree = "<group>"; };
		4A6D0C51149B3E3D00DB3EAA /* catch_context.h */ = {isa = PBXFileReference; fileEncoding = 4; lastKnownFileType = sourcecode.c.h; path = catch_context.h; sourceTree = "<group>"; };
		4A6D0C52149B3E3D00DB3EAA /* catch_context_impl.hpp */ = {isa = PBXFileReference; fileEncoding = 4; lastKnownFileType = sourcecode.cpp.h; path = catch_context_impl.hpp; sourceTree = "<group>"; };
		4A6D0C53149B3E3D00DB3EAA /* catch_interfaces_capture.h */ = {isa = PBXFileReference; fileEncoding = 4; lastKnownFileType = sourcecode.c.h; path = catch_interfaces_capture.h; sourceTree = "<group>"; };
		4A6D0C54149B3E3D00DB3EAA /* catch_interfaces_exception.h */ = {isa = PBXFileReference; fileEncoding = 4; lastKnownFileType = sourcecode.c.h; lineEnding = 0; path = catch_interfaces_exception.h; sourceTree = "<group>"; xcLanguageSpecificationIdentifier = xcode.lang.objcpp; };
		4A6D0C55149B3E3D00DB3EAA /* catch_interfaces_reporter.h */ = {isa = PBXFileReference; fileEncoding = 4; lastKnownFileType = sourcecode.c.h; path = catch_interfaces_reporter.h; sourceTree = "<group>"; };
		4A6D0C56149B3E3D00DB3EAA /* catch_interfaces_runner.h */ = {isa = PBXFileReference; fileEncoding = 4; lastKnownFileType = sourcecode.c.h; path = catch_interfaces_runner.h; sourceTree = "<group>"; };
		4A6D0C57149B3E3D00DB3EAA /* catch_interfaces_testcase.h */ = {isa = PBXFileReference; fileEncoding = 4; lastKnownFileType = sourcecode.c.h; path = catch_interfaces_testcase.h; sourceTree = "<group>"; };
		4A6D0C58149B3E3D00DB3EAA /* catch_list.hpp */ = {isa = PBXFileReference; fileEncoding = 4; lastKnownFileType = sourcecode.cpp.h; lineEnding = 0; path = catch_list.hpp; sourceTree = "<group>"; xcLanguageSpecificationIdentifier = xcode.lang.cpp; };
		4A6D0C59149B3E3D00DB3EAA /* catch_objc.hpp */ = {isa = PBXFileReference; fileEncoding = 4; lastKnownFileType = sourcecode.cpp.h; path = catch_objc.hpp; sourceTree = "<group>"; };
		4A6D0C5A149B3E3D00DB3EAA /* catch_reporter_registrars.hpp */ = {isa = PBXFileReference; fileEncoding = 4; lastKnownFileType = sourcecode.cpp.h; lineEnding = 0; path = catch_reporter_registrars.hpp; sourceTree = "<group>"; xcLanguageSpecificationIdentifier = xcode.lang.cpp; };
		4A6D0C5B149B3E3D00DB3EAA /* catch_reporter_registry.hpp */ = {isa = PBXFileReference; fileEncoding = 4; lastKnownFileType = sourcecode.cpp.h; path = catch_reporter_registry.hpp; sourceTree = "<group>"; };
		4A6D0C5C149B3E3D00DB3EAA /* catch_result_type.h */ = {isa = PBXFileReference; fileEncoding = 4; lastKnownFileType = sourcecode.c.h; path = catch_result_type.h; sourceTree = "<group>"; };
		4A6D0C5D149B3E3D00DB3EAA /* catch_assertionresult.h */ = {isa = PBXFileReference; fileEncoding = 4; lastKnownFileType = sourcecode.c.h; lineEnding = 0; path = catch_assertionresult.h; sourceTree = "<group>"; xcLanguageSpecificationIdentifier = xcode.lang.objcpp; };
		4A6D0C5E149B3E3D00DB3EAA /* catch_run_context.hpp */ = {isa = PBXFileReference; fileEncoding = 4; lastKnownFileType = sourcecode.cpp.h; lineEnding = 0; path = catch_run_context.hpp; sourceTree = "<group>"; xcLanguageSpecificationIdentifier = xcode.lang.cpp; };
		4A6D0C5F149B3E3D00DB3EAA /* catch_section.hpp */ = {isa = PBXFileReference; fileEncoding = 4; lastKnownFileType = sourcecode.cpp.h; path = catch_section.hpp; sourceTree = "<group>"; };
		4A6D0C60149B3E3D00DB3EAA /* catch_stream.hpp */ = {isa = PBXFileReference; fileEncoding = 4; lastKnownFileType = sourcecode.cpp.h; path = catch_stream.hpp; sourceTree = "<group>"; };
		4A6D0C61149B3E3D00DB3EAA /* catch_test_case_info.h */ = {isa = PBXFileReference; fileEncoding = 4; lastKnownFileType = sourcecode.c.h; path = catch_test_case_info.h; sourceTree = "<group>"; };
		4A6D0C62149B3E3D00DB3EAA /* catch_test_case_registry_impl.hpp */ = {isa = PBXFileReference; fileEncoding = 4; lastKnownFileType = sourcecode.cpp.h; lineEnding = 0; path = catch_test_case_registry_impl.hpp; sourceTree = "<group>"; xcLanguageSpecificationIdentifier = xcode.lang.cpp; };
		4A6D0C63149B3E3D00DB3EAA /* catch_test_registry.hpp */ = {isa = PBXFileReference; fileEncoding = 4; lastKnownFileType = sourcecode.cpp.h; path = catch_test_registry.hpp; sourceTree = "<group>"; };
		4A6D0C64149B3E3D00DB3EAA /* catch_xmlwriter.hpp */ = {isa = PBXFileReference; fileEncoding = 4; lastKnownFileType = sourcecode.cpp.h; path = catch_xmlwriter.hpp; sourceTree = "<group>"; };
		4A6D0C67149B3E3D00DB3EAA /* catch_reporter_junit.hpp */ = {isa = PBXFileReference; fileEncoding = 4; lastKnownFileType = sourcecode.cpp.h; path = catch_reporter_junit.hpp; sourceTree = "<group>"; };
		4A6D0C68149B3E3D00DB3EAA /* catch_reporter_xml.hpp */ = {isa = PBXFileReference; fileEncoding = 4; lastKnownFileType = sourcecode.cpp.h; path = catch_reporter_xml.hpp; sourceTree = "<group>"; };
		4A7ADB4314F631E10094FE10 /* catch_totals.hpp */ = {isa = PBXFileReference; fileEncoding = 4; lastKnownFileType = sourcecode.cpp.h; path = catch_totals.hpp; sourceTree = "<group>"; };
		4A7DB2CD1652FE4B00FA6523 /* catch_version.h */ = {isa = PBXFileReference; lastKnownFileType = sourcecode.c.h; name = catch_version.h; path = ../../../../include/internal/catch_version.h; sourceTree = "<group>"; };
		4A90B59B15D0F61A00EF71BC /* catch_interfaces_generators.h */ = {isa = PBXFileReference; lastKnownFileType = sourcecode.c.h; path = catch_interfaces_generators.h; sourceTree = "<group>"; };
		4A90B59D15D24FE900EF71BC /* catch_assertionresult.hpp */ = {isa = PBXFileReference; lastKnownFileType = sourcecode.cpp.h; lineEnding = 0; path = catch_assertionresult.hpp; sourceTree = "<group>"; xcLanguageSpecificationIdentifier = xcode.lang.cpp; };
		4AA7B8B4165428BA003155F6 /* catch_version.hpp */ = {isa = PBXFileReference; lastKnownFileType = sourcecode.cpp.h; name = catch_version.hpp; path = ../../../../include/internal/catch_version.hpp; sourceTree = "<group>"; };
		4AB1C73514F97BDA00F31DF7 /* catch_console_colour_impl.hpp */ = {isa = PBXFileReference; fileEncoding = 4; lastKnownFileType = sourcecode.cpp.h; lineEnding = 0; path = catch_console_colour_impl.hpp; sourceTree = "<group>"; xcLanguageSpecificationIdentifier = xcode.lang.cpp; };
		4AB1C73714F97C1300F31DF7 /* catch_console_colour.hpp */ = {isa = PBXFileReference; fileEncoding = 4; lastKnownFileType = sourcecode.cpp.h; lineEnding = 0; path = catch_console_colour.hpp; sourceTree = "<group>"; xcLanguageSpecificationIdentifier = xcode.lang.cpp; };
		4AB3D99C1616216500C9A0F8 /* catch_interfaces_testcase.cpp */ = {isa = PBXFileReference; fileEncoding = 4; lastKnownFileType = sourcecode.cpp.cpp; name = catch_interfaces_testcase.cpp; path = ../../../SelfTest/SurrogateCpps/catch_interfaces_testcase.cpp; sourceTree = "<group>"; };
		4AB3D99F1616219100C9A0F8 /* catch_interfaces_config.cpp */ = {isa = PBXFileReference; fileEncoding = 4; lastKnownFileType = sourcecode.cpp.cpp; name = catch_interfaces_config.cpp; path = ../../../SelfTest/SurrogateCpps/catch_interfaces_config.cpp; sourceTree = "<group>"; };
		4AB3D9A1161621B500C9A0F8 /* catch_interfaces_generators.cpp */ = {isa = PBXFileReference; fileEncoding = 4; lastKnownFileType = sourcecode.cpp.cpp; name = catch_interfaces_generators.cpp; path = ../../../SelfTest/SurrogateCpps/catch_interfaces_generators.cpp; sourceTree = "<group>"; };
		4AB42F84166F3E1A0099F2C8 /* catch_reporter_console.hpp */ = {isa = PBXFileReference; lastKnownFileType = sourcecode.cpp.h; path = catch_reporter_console.hpp; sourceTree = "<group>"; };
		4AB77CB51551AEA200857BF0 /* catch_ptr.hpp */ = {isa = PBXFileReference; lastKnownFileType = sourcecode.cpp.h; path = catch_ptr.hpp; sourceTree = "<group>"; };
		4AB77CB71553B72B00857BF0 /* catch_section_info.hpp */ = {isa = PBXFileReference; lastKnownFileType = sourcecode.cpp.h; path = catch_section_info.hpp; sourceTree = "<group>"; };
		4ABEA80415C90D2B009F0424 /* catch_objc_arc.hpp */ = {isa = PBXFileReference; fileEncoding = 4; lastKnownFileType = sourcecode.cpp.h; path = catch_objc_arc.hpp; sourceTree = "<group>"; };
		4AC91CCE155CF02800DC5117 /* catch_expression_lhs.hpp */ = {isa = PBXFileReference; lastKnownFileType = sourcecode.cpp.h; lineEnding = 0; path = catch_expression_lhs.hpp; sourceTree = "<group>"; xcLanguageSpecificationIdentifier = xcode.lang.cpp; };
		4ACE21C8166CA19700FB5509 /* catch_option.hpp */ = {isa = PBXFileReference; lastKnownFileType = sourcecode.cpp.h; path = catch_option.hpp; sourceTree = "<group>"; };
		4ACE21CA166CA1B300FB5509 /* catch_option.cpp */ = {isa = PBXFileReference; fileEncoding = 4; lastKnownFileType = sourcecode.cpp.cpp; name = catch_option.cpp; path = ../../../SelfTest/SurrogateCpps/catch_option.cpp; sourceTree = "<group>"; };
		4AEE031F16142F910071E950 /* catch_common.cpp */ = {isa = PBXFileReference; fileEncoding = 4; lastKnownFileType = sourcecode.cpp.cpp; name = catch_common.cpp; path = ../../../SelfTest/SurrogateCpps/catch_common.cpp; sourceTree = "<group>"; };
		4AEE032216142FC70071E950 /* catch_debugger.cpp */ = {isa = PBXFileReference; fileEncoding = 4; lastKnownFileType = sourcecode.cpp.cpp; name = catch_debugger.cpp; path = ../../../SelfTest/SurrogateCpps/catch_debugger.cpp; sourceTree = "<group>"; };
		4AEE032416142FF10071E950 /* catch_stream.cpp */ = {isa = PBXFileReference; fileEncoding = 4; lastKnownFileType = sourcecode.cpp.cpp; name = catch_stream.cpp; path = ../../../SelfTest/SurrogateCpps/catch_stream.cpp; sourceTree = "<group>"; };
		4AEE0326161431070071E950 /* catch_streambuf.h */ = {isa = PBXFileReference; fileEncoding = 4; lastKnownFileType = sourcecode.c.h; path = catch_streambuf.h; sourceTree = "<group>"; };
		4AEE0327161434FD0071E950 /* catch_xmlwriter.cpp */ = {isa = PBXFileReference; fileEncoding = 4; lastKnownFileType = sourcecode.cpp.cpp; name = catch_xmlwriter.cpp; path = ../../../SelfTest/SurrogateCpps/catch_xmlwriter.cpp; sourceTree = "<group>"; };
		4AFC661D157E96A7009D58CF /* catch_interfaces_config.h */ = {isa = PBXFileReference; lastKnownFileType = sourcecode.c.h; path = catch_interfaces_config.h; sourceTree = "<group>"; };
/* End PBXFileReference section */

/* Begin PBXFrameworksBuildPhase section */
		4A6D0C1D149B3D3B00DB3EAA /* Frameworks */ = {
			isa = PBXFrameworksBuildPhase;
			buildActionMask = 2147483647;
			files = (
			);
			runOnlyForDeploymentPostprocessing = 0;
		};
/* End PBXFrameworksBuildPhase section */

/* Begin PBXGroup section */
		266E9AD317290E710061DAB2 /* Introspective Tests */ = {
			isa = PBXGroup;
			children = (
				26059AF11BD4B94C003D575C /* PartTrackerTests.cpp */,
				26E1B7D119213BC900812682 /* CmdLineTests.cpp */,
				26711C8D195D465C0033EDA2 /* TagAliasTests.cpp */,
			);
			name = "Introspective Tests";
			sourceTree = "<group>";
		};
		26C5F3EB17514B670056FB3C /* External */ = {
			isa = PBXGroup;
			children = (
				26926E8418D77809004E10F2 /* tbc_text_format.h */,
				26926E8318D7777D004E10F2 /* clara.h */,
			);
			name = External;
			sourceTree = "<group>";
		};
		4A6D0C15149B3D3B00DB3EAA = {
			isa = PBXGroup;
			children = (
				4A6D0C23149B3D3B00DB3EAA /* CatchSelfTest */,
				4A6D0C21149B3D3B00DB3EAA /* Products */,
			);
			sourceTree = "<group>";
		};
		4A6D0C21149B3D3B00DB3EAA /* Products */ = {
			isa = PBXGroup;
			children = (
				4A6D0C20149B3D3B00DB3EAA /* CatchSelfTest */,
			);
			name = Products;
			sourceTree = "<group>";
		};
		4A6D0C23149B3D3B00DB3EAA /* CatchSelfTest */ = {
			isa = PBXGroup;
			children = (
				4A6D0C35149B3D9E00DB3EAA /* TestMain.cpp */,
				266E9AD317290E710061DAB2 /* Introspective Tests */,
				4A6D0C40149B3DAB00DB3EAA /* Tests */,
				4A6D0C41149B3DE900DB3EAA /* Catch */,
				4A6D0C26149B3D3B00DB3EAA /* CatchSelfTest.1 */,
			);
			path = CatchSelfTest;
			sourceTree = "<group>";
		};
		4A6D0C40149B3DAB00DB3EAA /* Tests */ = {
			isa = PBXGroup;
			children = (
				2691574B1A532A280054F1ED /* ToStringTuple.cpp */,
				263F7A4819B6FE1E009474C2 /* ToStringPair.cpp */,
				263F7A4919B6FE1E009474C2 /* ToStringVector.cpp */,
				263F7A4A19B6FE1E009474C2 /* ToStringWhich.cpp */,
				263F7A4619B6FCBF009474C2 /* EnumToString.cpp */,
				266ECD73170F3C620030D735 /* BDDTests.cpp */,
				4A6D0C36149B3D9E00DB3EAA /* TrickyTests.cpp */,
				4A6D0C2D149B3D9E00DB3EAA /* ApproxTests.cpp */,
				4A6D0C2F149B3D9E00DB3EAA /* ClassTests.cpp */,
				4A6D0C30149B3D9E00DB3EAA /* ConditionTests.cpp */,
				4A6D0C31149B3D9E00DB3EAA /* ExceptionTests.cpp */,
				4A6D0C32149B3D9E00DB3EAA /* GeneratorTests.cpp */,
				4A6D0C33149B3D9E00DB3EAA /* MessageTests.cpp */,
				4A6D0C34149B3D9E00DB3EAA /* MiscTests.cpp */,
				266B06B616F3A60A004ED264 /* VariadicMacrosTests.cpp */,
			);
			name = Tests;
			sourceTree = "<group>";
		};
		4A6D0C41149B3DE900DB3EAA /* Catch */ = {
			isa = PBXGroup;
			children = (
				26C5F3EB17514B670056FB3C /* External */,
				4A7DB2CD1652FE4B00FA6523 /* catch_version.h */,
				4AA7B8B4165428BA003155F6 /* catch_version.hpp */,
				4A8E4DCF160A34E200194CBD /* SurrogateCpps */,
				4A6D0C44149B3E1500DB3EAA /* catch.hpp */,
				4A6D0C42149B3E1500DB3EAA /* catch_session.hpp */,
				4A6D0C43149B3E1500DB3EAA /* catch_with_main.hpp */,
				4A6D0C45149B3E3D00DB3EAA /* internal */,
				4A6D0C65149B3E3D00DB3EAA /* reporters */,
			);
			name = Catch;
			sourceTree = "<group>";
		};
		4A6D0C45149B3E3D00DB3EAA /* internal */ = {
			isa = PBXGroup;
			children = (
				4AC91CC3155C38D300DC5117 /* Objective-C */,
				4AC91CC2155C388300DC5117 /* Infrastructure */,
				4AC91CC1155C387400DC5117 /* Interfaces */,
				4AC91CC0155C384400DC5117 /* Process */,
				4AC91CBF155C381600DC5117 /* Test execution */,
				4AC91CBE155C37F800DC5117 /* Registries */,
				4AC91CBD155C37B500DC5117 /* Assertions */,
				4AC91CB4155B9EBF00DC5117 /* impl */,
			);
			name = internal;
			path = ../../../../include/internal;
			sourceTree = "<group>";
		};
		4A6D0C65149B3E3D00DB3EAA /* reporters */ = {
			isa = PBXGroup;
			children = (
				269831E719121CA500BB0CE0 /* catch_reporter_compact.hpp */,
				262E7399184673A800CAC268 /* catch_reporter_bases.hpp */,
				4A6D0C67149B3E3D00DB3EAA /* catch_reporter_junit.hpp */,
				4A6D0C68149B3E3D00DB3EAA /* catch_reporter_xml.hpp */,
				4AB42F84166F3E1A0099F2C8 /* catch_reporter_console.hpp */,
				2691574A1A4480C50054F1ED /* catch_reporter_teamcity.hpp */,
				26EDFBD91B72011F00B1873C /* catch_reporter_multi.hpp */,
			);
			name = reporters;
			path = ../../../../include/reporters;
			sourceTree = "<group>";
		};
		4A8E4DCF160A34E200194CBD /* SurrogateCpps */ = {
			isa = PBXGroup;
			children = (
				2656C2201925E7330040DB02 /* catch_test_spec.cpp */,
				4AEE031F16142F910071E950 /* catch_common.cpp */,
				4AEE032216142FC70071E950 /* catch_debugger.cpp */,
				4AEE032416142FF10071E950 /* catch_stream.cpp */,
				4AEE0327161434FD0071E950 /* catch_xmlwriter.cpp */,
				4A45DA2316161EF9004F8D6B /* catch_console_colour.cpp */,
				4A45DA2616161F1F004F8D6B /* catch_ptr.cpp */,
				4A45DA2816161F3D004F8D6B /* catch_streambuf.cpp */,
				4A45DA2A16161F79004F8D6B /* catch_interfaces_registry_hub.cpp */,
				4A45DA2C16161FA2004F8D6B /* catch_interfaces_capture.cpp */,
				4A45DA3216162047004F8D6B /* catch_interfaces_exception.cpp */,
				4A45DA3016161FFB004F8D6B /* catch_interfaces_reporter.cpp */,
				4A45DA3416162071004F8D6B /* catch_interfaces_runner.cpp */,
				4AB3D99C1616216500C9A0F8 /* catch_interfaces_testcase.cpp */,
				4AB3D99F1616219100C9A0F8 /* catch_interfaces_config.cpp */,
				4AB3D9A1161621B500C9A0F8 /* catch_interfaces_generators.cpp */,
				4ACE21CA166CA1B300FB5509 /* catch_option.cpp */,
				2694A1FB16A0000E004816E3 /* catch_text.cpp */,
				26847E5D16BBADB40043B9C1 /* catch_message.cpp */,
			);
			name = SurrogateCpps;
			sourceTree = "<group>";
		};
		4AC91CB4155B9EBF00DC5117 /* impl */ = {
			isa = PBXGroup;
			children = (
				4A6D0C5F149B3E3D00DB3EAA /* catch_section.hpp */,
				263FD06017AF8DF200988A20 /* catch_timer.hpp */,
				4A4B0F9C15CEFA8300AE2392 /* catch_impl.hpp */,
				4A4B0F9715CE6CFB00AE2392 /* catch_registry_hub.hpp */,
				4A6D0C50149B3E3D00DB3EAA /* catch_generators_impl.hpp */,
				4A6D0C52149B3E3D00DB3EAA /* catch_context_impl.hpp */,
				4A6D0C5E149B3E3D00DB3EAA /* catch_run_context.hpp */,
				4A6D0C62149B3E3D00DB3EAA /* catch_test_case_registry_impl.hpp */,
				4AB1C73514F97BDA00F31DF7 /* catch_console_colour_impl.hpp */,
				4A4B0F9B15CEF8C400AE2392 /* catch_notimplemented_exception.hpp */,
				4A90B59D15D24FE900EF71BC /* catch_assertionresult.hpp */,
				4A084F1C15DACEEA0027E631 /* catch_test_case_info.hpp */,
				26847E5C16BBACB60043B9C1 /* catch_message.hpp */,
				2627F7061935B55F009BCE2D /* catch_result_builder.hpp */,
				26711C92195D48F60033EDA2 /* catch_tag_alias_registry.hpp */,
			);
			name = impl;
			sourceTree = "<group>";
		};
		4AC91CBD155C37B500DC5117 /* Assertions */ = {
			isa = PBXGroup;
			children = (
				269831E519078C1600BB0CE0 /* catch_tostring.h */,
				269831E619078CA200BB0CE0 /* catch_tostring.hpp */,
				4A6D0C4D149B3E3D00DB3EAA /* catch_evaluate.hpp */,
				4A6D0C4F149B3E3D00DB3EAA /* catch_generators.hpp */,
				4A6D0C5C149B3E3D00DB3EAA /* catch_result_type.h */,
				4A6D0C5D149B3E3D00DB3EAA /* catch_assertionresult.h */,
				261488FE184DC32F0041FBEB /* catch_section.h */,
				4A3D7DD01503869D005F9203 /* catch_matchers.hpp */,
				4A6D0C46149B3E3D00DB3EAA /* catch_approx.hpp */,
				4A6D0C47149B3E3D00DB3EAA /* catch_capture.hpp */,
				4AC91CCE155CF02800DC5117 /* catch_expression_lhs.hpp */,
				4A4B0F9A15CEF84800AE2392 /* catch_notimplemented_exception.h */,
				26847E5B16BBAB790043B9C1 /* catch_message.h */,
				261488FD184D21290041FBEB /* catch_section_info.h */,
				2627F7051935B16F009BCE2D /* catch_result_builder.h */,
			);
			name = Assertions;
			sourceTree = "<group>";
		};
		4AC91CBE155C37F800DC5117 /* Registries */ = {
			isa = PBXGroup;
			children = (
				4A6D0C4E149B3E3D00DB3EAA /* catch_exception_translator_registry.hpp */,
				4A6D0C5A149B3E3D00DB3EAA /* catch_reporter_registrars.hpp */,
				4A6D0C5B149B3E3D00DB3EAA /* catch_reporter_registry.hpp */,
				4A6D0C63149B3E3D00DB3EAA /* catch_test_registry.hpp */,
			);
			name = Registries;
			sourceTree = "<group>";
		};
		4AC91CBF155C381600DC5117 /* Test execution */ = {
			isa = PBXGroup;
			children = (
				261488FA184C81130041FBEB /* catch_test_spec.hpp */,
				2656C21F1925E5100040DB02 /* catch_test_spec_parser.hpp */,
				4A6D0C4A149B3E3D00DB3EAA /* catch_config.hpp */,
				4A6D0C51149B3E3D00DB3EAA /* catch_context.h */,
				4A6D0C61149B3E3D00DB3EAA /* catch_test_case_info.h */,
				4A7ADB4314F631E10094FE10 /* catch_totals.hpp */,
				4AB77CB71553B72B00857BF0 /* catch_section_info.hpp */,
				26948287179EF7F900ED166E /* catch_test_case_tracker.hpp */,
				26711C91195D47820033EDA2 /* catch_tag_alias.h */,
				26711C94195D4B120033EDA2 /* catch_tag_alias_registry.h */,
			);
			name = "Test execution";
			sourceTree = "<group>";
		};
		4AC91CC0155C384400DC5117 /* Process */ = {
			isa = PBXGroup;
			children = (
				4A6D0C58149B3E3D00DB3EAA /* catch_list.hpp */,
				4A6D0C48149B3E3D00DB3EAA /* catch_commandline.hpp */,
				4A6D0C4C149B3E3D00DB3EAA /* catch_default_main.hpp */,
			);
			name = Process;
			sourceTree = "<group>";
		};
		4AC91CC1155C387400DC5117 /* Interfaces */ = {
			isa = PBXGroup;
			children = (
				4A4B0F9915CE6EC100AE2392 /* catch_interfaces_registry_hub.h */,
				4A6D0C53149B3E3D00DB3EAA /* catch_interfaces_capture.h */,
				4A6D0C54149B3E3D00DB3EAA /* catch_interfaces_exception.h */,
				4A6D0C55149B3E3D00DB3EAA /* catch_interfaces_reporter.h */,
				4A6D0C56149B3E3D00DB3EAA /* catch_interfaces_runner.h */,
				4A6D0C57149B3E3D00DB3EAA /* catch_interfaces_testcase.h */,
				4AFC661D157E96A7009D58CF /* catch_interfaces_config.h */,
				4A90B59B15D0F61A00EF71BC /* catch_interfaces_generators.h */,
				26711C90195D46CD0033EDA2 /* catch_interfaces_tag_alias_registry.h */,
			);
			name = Interfaces;
			sourceTree = "<group>";
		};
		4AC91CC2155C388300DC5117 /* Infrastructure */ = {
			isa = PBXGroup;
			children = (
				266ECD8C1713614B0030D735 /* catch_legacy_reporter_adapter.hpp */,
				266ECD8D1713614B0030D735 /* catch_legacy_reporter_adapter.h */,
				4A6D0C49149B3E3D00DB3EAA /* catch_common.h */,
				262E739A1846759000CAC268 /* catch_common.hpp */,
				4A6D0C4B149B3E3D00DB3EAA /* catch_debugger.hpp */,
				261488FF184DC4A20041FBEB /* catch_debugger.h */,
				4A6D0C60149B3E3D00DB3EAA /* catch_stream.hpp */,
				4A6D0C64149B3E3D00DB3EAA /* catch_xmlwriter.hpp */,
				4AB1C73714F97C1300F31DF7 /* catch_console_colour.hpp */,
				4AB77CB51551AEA200857BF0 /* catch_ptr.hpp */,
				4AEE0326161431070071E950 /* catch_streambuf.h */,
				4ACE21C8166CA19700FB5509 /* catch_option.hpp */,
				26759473171C74C200A84BD1 /* catch_compiler_capabilities.h */,
				26DACF2F17206D3400A21326 /* catch_text.h */,
				263FD06117AF8DF200988A20 /* catch_timer.h */,
				26AEAF1617BEA18E009E32C9 /* catch_platform.h */,
				261488FC184D1DC10041FBEB /* catch_stream.h */,
				268F47B018A93F7800D8C14F /* catch_clara.h */,
				2656C226192A77EF0040DB02 /* catch_suppress_warnings.h */,
				2656C227192A78410040DB02 /* catch_reenable_warnings.h */,
				263F7A4519A66608009474C2 /* catch_fatal_condition.hpp */,
				26DFD3B11B53F84700FD6F16 /* catch_wildcard_pattern.hpp */,
			);
			name = Infrastructure;
			sourceTree = "<group>";
		};
		4AC91CC3155C38D300DC5117 /* Objective-C */ = {
			isa = PBXGroup;
			children = (
				4A6D0C59149B3E3D00DB3EAA /* catch_objc.hpp */,
				4ABEA80415C90D2B009F0424 /* catch_objc_arc.hpp */,
			);
			name = "Objective-C";
			sourceTree = "<group>";
		};
/* End PBXGroup section */

/* Begin PBXNativeTarget section */
		4A6D0C1F149B3D3B00DB3EAA /* CatchSelfTest */ = {
			isa = PBXNativeTarget;
			buildConfigurationList = 4A6D0C2A149B3D3B00DB3EAA /* Build configuration list for PBXNativeTarget "CatchSelfTest" */;
			buildPhases = (
				4A6D0C1C149B3D3B00DB3EAA /* Sources */,
				4A6D0C1D149B3D3B00DB3EAA /* Frameworks */,
				4A6D0C1E149B3D3B00DB3EAA /* CopyFiles */,
			);
			buildRules = (
			);
			dependencies = (
			);
			name = CatchSelfTest;
			productName = CatchSelfTest;
			productReference = 4A6D0C20149B3D3B00DB3EAA /* CatchSelfTest */;
			productType = "com.apple.product-type.tool";
		};
/* End PBXNativeTarget section */

/* Begin PBXProject section */
		4A6D0C17149B3D3B00DB3EAA /* Project object */ = {
			isa = PBXProject;
			attributes = {
				LastUpgradeCheck = 0630;
			};
			buildConfigurationList = 4A6D0C1A149B3D3B00DB3EAA /* Build configuration list for PBXProject "CatchSelfTest" */;
			compatibilityVersion = "Xcode 3.2";
			developmentRegion = English;
			hasScannedForEncodings = 0;
			knownRegions = (
				en,
			);
			mainGroup = 4A6D0C15149B3D3B00DB3EAA;
			productRefGroup = 4A6D0C21149B3D3B00DB3EAA /* Products */;
			projectDirPath = "";
			projectRoot = "";
			targets = (
				4A6D0C1F149B3D3B00DB3EAA /* CatchSelfTest */,
			);
		};
/* End PBXProject section */

/* Begin PBXSourcesBuildPhase section */
		4A6D0C1C149B3D3B00DB3EAA /* Sources */ = {
			isa = PBXSourcesBuildPhase;
			buildActionMask = 2147483647;
			files = (
				263F7A4719B6FCBF009474C2 /* EnumToString.cpp in Sources */,
				4A6D0C37149B3D9E00DB3EAA /* ApproxTests.cpp in Sources */,
				4A6D0C38149B3D9E00DB3EAA /* ClassTests.cpp in Sources */,
				4A6D0C39149B3D9E00DB3EAA /* ConditionTests.cpp in Sources */,
				4A6D0C3A149B3D9E00DB3EAA /* ExceptionTests.cpp in Sources */,
				4A6D0C3B149B3D9E00DB3EAA /* GeneratorTests.cpp in Sources */,
				4A6D0C3C149B3D9E00DB3EAA /* MessageTests.cpp in Sources */,
				4A6D0C3D149B3D9E00DB3EAA /* MiscTests.cpp in Sources */,
				4A6D0C3E149B3D9E00DB3EAA /* TestMain.cpp in Sources */,
				4A6D0C3F149B3D9E00DB3EAA /* TrickyTests.cpp in Sources */,
				263F7A4D19B6FE1E009474C2 /* ToStringWhich.cpp in Sources */,
				26059AF21BD4B94C003D575C /* PartTrackerTests.cpp in Sources */,
				263F7A4B19B6FE1E009474C2 /* ToStringPair.cpp in Sources */,
				4AEE032016142F910071E950 /* catch_common.cpp in Sources */,
				263F7A4C19B6FE1E009474C2 /* ToStringVector.cpp in Sources */,
				4AEE032316142FC70071E950 /* catch_debugger.cpp in Sources */,
				4AEE032516142FF10071E950 /* catch_stream.cpp in Sources */,
				4AEE0328161434FD0071E950 /* catch_xmlwriter.cpp in Sources */,
				4A45DA2416161EF9004F8D6B /* catch_console_colour.cpp in Sources */,
				4A45DA2716161F1F004F8D6B /* catch_ptr.cpp in Sources */,
				26E1B7D319213BC900812682 /* CmdLineTests.cpp in Sources */,
				2656C2211925E7330040DB02 /* catch_test_spec.cpp in Sources */,
				4A45DA2916161F3D004F8D6B /* catch_streambuf.cpp in Sources */,
				4A45DA2B16161F79004F8D6B /* catch_interfaces_registry_hub.cpp in Sources */,
				4A45DA2D16161FA2004F8D6B /* catch_interfaces_capture.cpp in Sources */,
				4A45DA3116161FFC004F8D6B /* catch_interfaces_reporter.cpp in Sources */,
				4A45DA3316162047004F8D6B /* catch_interfaces_exception.cpp in Sources */,
				2691574C1A532A280054F1ED /* ToStringTuple.cpp in Sources */,
				26711C8F195D465C0033EDA2 /* TagAliasTests.cpp in Sources */,
				4A45DA3516162071004F8D6B /* catch_interfaces_runner.cpp in Sources */,
				4AB3D99D1616216500C9A0F8 /* catch_interfaces_testcase.cpp in Sources */,
				4AB3D9A01616219100C9A0F8 /* catch_interfaces_config.cpp in Sources */,
				4AB3D9A2161621B500C9A0F8 /* catch_interfaces_generators.cpp in Sources */,
				4ACE21CC166CA1B300FB5509 /* catch_option.cpp in Sources */,
				2694A1FD16A0000E004816E3 /* catch_text.cpp in Sources */,
				26847E5F16BBADB40043B9C1 /* catch_message.cpp in Sources */,
				266B06B816F3A60A004ED264 /* VariadicMacrosTests.cpp in Sources */,
				266ECD74170F3C620030D735 /* BDDTests.cpp in Sources */,
			);
			runOnlyForDeploymentPostprocessing = 0;
		};
/* End PBXSourcesBuildPhase section */

/* Begin XCBuildConfiguration section */
		4A6D0C28149B3D3B00DB3EAA /* Debug */ = {
			isa = XCBuildConfiguration;
			buildSettings = {
				CLANG_CXX_LANGUAGE_STANDARD = "c++0x";
				CLANG_CXX_LIBRARY = "libc++";
				CLANG_WARN_CXX0X_EXTENSIONS = YES;
				CLANG_WARN_EMPTY_BODY = YES;
				CLANG_WARN_IMPLICIT_SIGN_CONVERSION = YES;
				CLANG_WARN_SUSPICIOUS_IMPLICIT_CONVERSION = YES;
				CLANG_WARN_UNREACHABLE_CODE = YES;
				CLANG_WARN__DUPLICATE_METHOD_MATCH = YES;
				CLANG_WARN__EXIT_TIME_DESTRUCTORS = NO;
				COPY_PHASE_STRIP = NO;
				ENABLE_STRICT_OBJC_MSGSEND = YES;
				GCC_C_LANGUAGE_STANDARD = gnu99;
				GCC_DYNAMIC_NO_PIC = NO;
				GCC_ENABLE_OBJC_EXCEPTIONS = YES;
				GCC_NO_COMMON_BLOCKS = YES;
				GCC_OPTIMIZATION_LEVEL = 0;
				GCC_PREPROCESSOR_DEFINITIONS = (
					"DEBUG=1",
					"$(inherited)",
				);
				GCC_SYMBOLS_PRIVATE_EXTERN = NO;
				GCC_TREAT_IMPLICIT_FUNCTION_DECLARATIONS_AS_ERRORS = YES;
				GCC_TREAT_INCOMPATIBLE_POINTER_TYPE_WARNINGS_AS_ERRORS = YES;
				GCC_VERSION = com.apple.compilers.llvm.clang.1_0;
				GCC_WARN_64_TO_32_BIT_CONVERSION = YES;
				GCC_WARN_ABOUT_MISSING_FIELD_INITIALIZERS = YES;
				GCC_WARN_ABOUT_MISSING_NEWLINE = YES;
				GCC_WARN_ABOUT_MISSING_PROTOTYPES = YES;
				GCC_WARN_ABOUT_RETURN_TYPE = YES;
				GCC_WARN_FOUR_CHARACTER_CONSTANTS = YES;
				GCC_WARN_HIDDEN_VIRTUAL_FUNCTIONS = YES;
				GCC_WARN_INITIALIZER_NOT_FULLY_BRACKETED = YES;
				GCC_WARN_NON_VIRTUAL_DESTRUCTOR = YES;
				GCC_WARN_PEDANTIC = YES;
				GCC_WARN_SHADOW = YES;
				GCC_WARN_SIGN_COMPARE = YES;
				GCC_WARN_UNDECLARED_SELECTOR = YES;
				GCC_WARN_UNINITIALIZED_AUTOS = YES;
				GCC_WARN_UNUSED_FUNCTION = YES;
				GCC_WARN_UNUSED_LABEL = YES;
				GCC_WARN_UNUSED_PARAMETER = YES;
				GCC_WARN_UNUSED_VARIABLE = YES;
				MACOSX_DEPLOYMENT_TARGET = "";
				ONLY_ACTIVE_ARCH = YES;
				SDKROOT = macosx;
				USER_HEADER_SEARCH_PATHS = "\"$(PROJECT_DIR)/../../../include\"";
			};
			name = Debug;
		};
		4A6D0C29149B3D3B00DB3EAA /* Release */ = {
			isa = XCBuildConfiguration;
			buildSettings = {
				CLANG_CXX_LANGUAGE_STANDARD = "c++0x";
				CLANG_CXX_LIBRARY = "libc++";
				CLANG_WARN_CXX0X_EXTENSIONS = YES;
				CLANG_WARN_EMPTY_BODY = YES;
				CLANG_WARN_IMPLICIT_SIGN_CONVERSION = YES;
				CLANG_WARN_SUSPICIOUS_IMPLICIT_CONVERSION = YES;
				CLANG_WARN_UNREACHABLE_CODE = YES;
				CLANG_WARN__DUPLICATE_METHOD_MATCH = YES;
				CLANG_WARN__EXIT_TIME_DESTRUCTORS = NO;
				COPY_PHASE_STRIP = YES;
				DEBUG_INFORMATION_FORMAT = "dwarf-with-dsym";
				ENABLE_STRICT_OBJC_MSGSEND = YES;
				GCC_C_LANGUAGE_STANDARD = gnu99;
				GCC_ENABLE_OBJC_EXCEPTIONS = YES;
				GCC_NO_COMMON_BLOCKS = YES;
				GCC_TREAT_IMPLICIT_FUNCTION_DECLARATIONS_AS_ERRORS = YES;
				GCC_TREAT_INCOMPATIBLE_POINTER_TYPE_WARNINGS_AS_ERRORS = YES;
				GCC_VERSION = com.apple.compilers.llvm.clang.1_0;
				GCC_WARN_64_TO_32_BIT_CONVERSION = YES;
				GCC_WARN_ABOUT_MISSING_FIELD_INITIALIZERS = YES;
				GCC_WARN_ABOUT_MISSING_NEWLINE = YES;
				GCC_WARN_ABOUT_MISSING_PROTOTYPES = YES;
				GCC_WARN_ABOUT_RETURN_TYPE = YES;
				GCC_WARN_FOUR_CHARACTER_CONSTANTS = YES;
				GCC_WARN_HIDDEN_VIRTUAL_FUNCTIONS = YES;
				GCC_WARN_INITIALIZER_NOT_FULLY_BRACKETED = YES;
				GCC_WARN_NON_VIRTUAL_DESTRUCTOR = YES;
				GCC_WARN_PEDANTIC = YES;
				GCC_WARN_SHADOW = YES;
				GCC_WARN_SIGN_COMPARE = YES;
				GCC_WARN_UNDECLARED_SELECTOR = YES;
				GCC_WARN_UNINITIALIZED_AUTOS = YES;
				GCC_WARN_UNUSED_FUNCTION = YES;
				GCC_WARN_UNUSED_LABEL = YES;
				GCC_WARN_UNUSED_PARAMETER = YES;
				GCC_WARN_UNUSED_VARIABLE = YES;
				MACOSX_DEPLOYMENT_TARGET = "";
				SDKROOT = macosx;
				USER_HEADER_SEARCH_PATHS = "\"$(PROJECT_DIR)/../../../include\"";
			};
			name = Release;
		};
		4A6D0C2B149B3D3B00DB3EAA /* Debug */ = {
			isa = XCBuildConfiguration;
			buildSettings = {
				CLANG_ANALYZER_SECURITY_FLOATLOOPCOUNTER = YES;
				CLANG_CXX_LANGUAGE_STANDARD = "c++0x";
				CLANG_CXX_LIBRARY = "compiler-default";
				CLANG_WARN__DUPLICATE_METHOD_MATCH = NO;
				GCC_VERSION = com.apple.compilers.llvm.clang.1_0;
				OTHER_CPLUSPLUSFLAGS = "$(OTHER_CFLAGS)";
				PRODUCT_NAME = "$(TARGET_NAME)";
				WARNING_CFLAGS = (
					"-Weverything",
					"-Wparentheses",
					"-Wno-disabled-macro-expansion",
				);
			};
			name = Debug;
		};
		4A6D0C2C149B3D3B00DB3EAA /* Release */ = {
			isa = XCBuildConfiguration;
			buildSettings = {
				CLANG_ANALYZER_SECURITY_FLOATLOOPCOUNTER = YES;
				CLANG_CXX_LANGUAGE_STANDARD = "c++0x";
				CLANG_CXX_LIBRARY = "compiler-default";
				CLANG_WARN__DUPLICATE_METHOD_MATCH = NO;
				GCC_VERSION = com.apple.compilers.llvm.clang.1_0;
				OTHER_CPLUSPLUSFLAGS = "$(OTHER_CFLAGS)";
				PRODUCT_NAME = "$(TARGET_NAME)";
				WARNING_CFLAGS = (
					"-Weverything",
					"-Wparentheses",
					"-Wno-disabled-macro-expansion",
				);
			};
			name = Release;
		};
/* End XCBuildConfiguration section */

/* Begin XCConfigurationList section */
		4A6D0C1A149B3D3B00DB3EAA /* Build configuration list for PBXProject "CatchSelfTest" */ = {
			isa = XCConfigurationList;
			buildConfigurations = (
				4A6D0C28149B3D3B00DB3EAA /* Debug */,
				4A6D0C29149B3D3B00DB3EAA /* Release */,
			);
			defaultConfigurationIsVisible = 0;
			defaultConfigurationName = Release;
		};
		4A6D0C2A149B3D3B00DB3EAA /* Build configuration list for PBXNativeTarget "CatchSelfTest" */ = {
			isa = XCConfigurationList;
			buildConfigurations = (
				4A6D0C2B149B3D3B00DB3EAA /* Debug */,
				4A6D0C2C149B3D3B00DB3EAA /* Release */,
			);
			defaultConfigurationIsVisible = 0;
			defaultConfigurationName = Release;
		};
/* End XCConfigurationList section */
	};
	rootObject = 4A6D0C17149B3D3B00DB3EAA /* Project object */;
}
