// !$*UTF8*$!
{
	archiveVersion = 1;
	classes = {
	};
	objectVersion = 46;
	objects = {

/* Begin PBXBuildFile section */
		4A6D0C27149B3D3B00DB3EAA /* CatchSelfTest.1 in CopyFiles */ = {isa = PBXBuildFile; fileRef = 4A6D0C26149B3D3B00DB3EAA /* CatchSelfTest.1 */; };
		4A6D0C37149B3D9E00DB3EAA /* ApproxTests.cpp in Sources */ = {isa = PBXBuildFile; fileRef = 4A6D0C2D149B3D9E00DB3EAA /* ApproxTests.cpp */; };
		4A6D0C38149B3D9E00DB3EAA /* ClassTests.cpp in Sources */ = {isa = PBXBuildFile; fileRef = 4A6D0C2F149B3D9E00DB3EAA /* ClassTests.cpp */; };
		4A6D0C39149B3D9E00DB3EAA /* ConditionTests.cpp in Sources */ = {isa = PBXBuildFile; fileRef = 4A6D0C30149B3D9E00DB3EAA /* ConditionTests.cpp */; };
		4A6D0C3A149B3D9E00DB3EAA /* ExceptionTests.cpp in Sources */ = {isa = PBXBuildFile; fileRef = 4A6D0C31149B3D9E00DB3EAA /* ExceptionTests.cpp */; };
		4A6D0C3B149B3D9E00DB3EAA /* GeneratorTests.cpp in Sources */ = {isa = PBXBuildFile; fileRef = 4A6D0C32149B3D9E00DB3EAA /* GeneratorTests.cpp */; };
		4A6D0C3C149B3D9E00DB3EAA /* MessageTests.cpp in Sources */ = {isa = PBXBuildFile; fileRef = 4A6D0C33149B3D9E00DB3EAA /* MessageTests.cpp */; };
		4A6D0C3D149B3D9E00DB3EAA /* MiscTests.cpp in Sources */ = {isa = PBXBuildFile; fileRef = 4A6D0C34149B3D9E00DB3EAA /* MiscTests.cpp */; };
		4A6D0C3E149B3D9E00DB3EAA /* TestMain.cpp in Sources */ = {isa = PBXBuildFile; fileRef = 4A6D0C35149B3D9E00DB3EAA /* TestMain.cpp */; };
		4A6D0C3F149B3D9E00DB3EAA /* TrickyTests.cpp in Sources */ = {isa = PBXBuildFile; fileRef = 4A6D0C36149B3D9E00DB3EAA /* TrickyTests.cpp */; };
		4AA7FF4315F3E89E009AD7F9 /* BDDTests.cpp in Sources */ = {isa = PBXBuildFile; fileRef = 4AA7FF4115F3E89D009AD7F9 /* BDDTests.cpp */; };
		4AE1840B14EE4F230066340D /* catch_self_test.cpp in Sources */ = {isa = PBXBuildFile; fileRef = 4AE1840A14EE4F230066340D /* catch_self_test.cpp */; };
/* End PBXBuildFile section */

/* Begin PBXCopyFilesBuildPhase section */
		4A6D0C1E149B3D3B00DB3EAA /* CopyFiles */ = {
			isa = PBXCopyFilesBuildPhase;
			buildActionMask = 2147483647;
			dstPath = /usr/share/man/man1/;
			dstSubfolderSpec = 0;
			files = (
				4A6D0C27149B3D3B00DB3EAA /* CatchSelfTest.1 in CopyFiles */,
			);
			runOnlyForDeploymentPostprocessing = 1;
		};
/* End PBXCopyFilesBuildPhase section */

/* Begin PBXFileReference section */
		4A084F1C15DACEEA0027E631 /* catch_test_case_info.hpp */ = {isa = PBXFileReference; lastKnownFileType = sourcecode.cpp.h; path = catch_test_case_info.hpp; sourceTree = "<group>"; };
		4A084F1D15DAD15F0027E631 /* catch_test_spec.h */ = {isa = PBXFileReference; lastKnownFileType = sourcecode.c.h; path = catch_test_spec.h; sourceTree = "<group>"; };
		4A3D7DD01503869D005F9203 /* catch_matchers.hpp */ = {isa = PBXFileReference; fileEncoding = 4; lastKnownFileType = sourcecode.cpp.h; path = catch_matchers.hpp; sourceTree = "<group>"; };
		4A4B0F9715CE6CFB00AE2392 /* catch_registry_hub.hpp */ = {isa = PBXFileReference; fileEncoding = 4; lastKnownFileType = sourcecode.cpp.h; lineEnding = 0; path = catch_registry_hub.hpp; sourceTree = "<group>"; xcLanguageSpecificationIdentifier = xcode.lang.cpp; };
		4A4B0F9915CE6EC100AE2392 /* catch_interfaces_registry_hub.h */ = {isa = PBXFileReference; lastKnownFileType = sourcecode.c.h; lineEnding = 0; path = catch_interfaces_registry_hub.h; sourceTree = "<group>"; xcLanguageSpecificationIdentifier = xcode.lang.objcpp; };
		4A4B0F9A15CEF84800AE2392 /* catch_notimplemented_exception.h */ = {isa = PBXFileReference; lastKnownFileType = sourcecode.c.h; path = catch_notimplemented_exception.h; sourceTree = "<group>"; };
		4A4B0F9B15CEF8C400AE2392 /* catch_notimplemented_exception.hpp */ = {isa = PBXFileReference; fileEncoding = 4; lastKnownFileType = sourcecode.cpp.h; path = catch_notimplemented_exception.hpp; sourceTree = "<group>"; };
		4A4B0F9C15CEFA8300AE2392 /* catch_impl.hpp */ = {isa = PBXFileReference; fileEncoding = 4; lastKnownFileType = sourcecode.cpp.h; path = catch_impl.hpp; sourceTree = "<group>"; };
		4A6D0C20149B3D3B00DB3EAA /* CatchSelfTest */ = {isa = PBXFileReference; explicitFileType = "compiled.mach-o.executable"; includeInIndex = 0; path = CatchSelfTest; sourceTree = BUILT_PRODUCTS_DIR; };
		4A6D0C26149B3D3B00DB3EAA /* CatchSelfTest.1 */ = {isa = PBXFileReference; lastKnownFileType = text.man; path = CatchSelfTest.1; sourceTree = "<group>"; };
		4A6D0C2D149B3D9E00DB3EAA /* ApproxTests.cpp */ = {isa = PBXFileReference; fileEncoding = 4; lastKnownFileType = sourcecode.cpp.cpp; name = ApproxTests.cpp; path = ../../../SelfTest/ApproxTests.cpp; sourceTree = "<group>"; };
		4A6D0C2E149B3D9E00DB3EAA /* catch_self_test.hpp */ = {isa = PBXFileReference; fileEncoding = 4; lastKnownFileType = sourcecode.cpp.h; lineEnding = 0; name = catch_self_test.hpp; path = ../../../SelfTest/catch_self_test.hpp; sourceTree = "<group>"; };
		4A6D0C2F149B3D9E00DB3EAA /* ClassTests.cpp */ = {isa = PBXFileReference; fileEncoding = 4; lastKnownFileType = sourcecode.cpp.cpp; name = ClassTests.cpp; path = ../../../SelfTest/ClassTests.cpp; sourceTree = "<group>"; };
		4A6D0C30149B3D9E00DB3EAA /* ConditionTests.cpp */ = {isa = PBXFileReference; fileEncoding = 4; lastKnownFileType = sourcecode.cpp.cpp; name = ConditionTests.cpp; path = ../../../SelfTest/ConditionTests.cpp; sourceTree = "<group>"; };
		4A6D0C31149B3D9E00DB3EAA /* ExceptionTests.cpp */ = {isa = PBXFileReference; fileEncoding = 4; lastKnownFileType = sourcecode.cpp.cpp; name = ExceptionTests.cpp; path = ../../../SelfTest/ExceptionTests.cpp; sourceTree = "<group>"; };
		4A6D0C32149B3D9E00DB3EAA /* GeneratorTests.cpp */ = {isa = PBXFileReference; fileEncoding = 4; lastKnownFileType = sourcecode.cpp.cpp; name = GeneratorTests.cpp; path = ../../../SelfTest/GeneratorTests.cpp; sourceTree = "<group>"; };
		4A6D0C33149B3D9E00DB3EAA /* MessageTests.cpp */ = {isa = PBXFileReference; fileEncoding = 4; lastKnownFileType = sourcecode.cpp.cpp; name = MessageTests.cpp; path = ../../../SelfTest/MessageTests.cpp; sourceTree = "<group>"; };
		4A6D0C34149B3D9E00DB3EAA /* MiscTests.cpp */ = {isa = PBXFileReference; fileEncoding = 4; lastKnownFileType = sourcecode.cpp.cpp; name = MiscTests.cpp; path = ../../../SelfTest/MiscTests.cpp; sourceTree = "<group>"; };
		4A6D0C35149B3D9E00DB3EAA /* TestMain.cpp */ = {isa = PBXFileReference; fileEncoding = 4; lastKnownFileType = sourcecode.cpp.cpp; name = TestMain.cpp; path = ../../../SelfTest/TestMain.cpp; sourceTree = "<group>"; };
		4A6D0C36149B3D9E00DB3EAA /* TrickyTests.cpp */ = {isa = PBXFileReference; fileEncoding = 4; lastKnownFileType = sourcecode.cpp.cpp; name = TrickyTests.cpp; path = ../../../SelfTest/TrickyTests.cpp; sourceTree = "<group>"; };
		4A6D0C42149B3E1500DB3EAA /* catch_runner.hpp */ = {isa = PBXFileReference; fileEncoding = 4; lastKnownFileType = sourcecode.cpp.h; lineEnding = 0; name = catch_runner.hpp; path = ../../../../include/catch_runner.hpp; sourceTree = "<group>"; xcLanguageSpecificationIdentifier = xcode.lang.cpp; };
		4A6D0C43149B3E1500DB3EAA /* catch_with_main.hpp */ = {isa = PBXFileReference; fileEncoding = 4; lastKnownFileType = sourcecode.cpp.h; name = catch_with_main.hpp; path = ../../../../include/catch_with_main.hpp; sourceTree = "<group>"; };
		4A6D0C44149B3E1500DB3EAA /* catch.hpp */ = {isa = PBXFileReference; fileEncoding = 4; lastKnownFileType = sourcecode.cpp.h; name = catch.hpp; path = ../../../../include/catch.hpp; sourceTree = "<group>"; };
		4A6D0C46149B3E3D00DB3EAA /* catch_approx.hpp */ = {isa = PBXFileReference; fileEncoding = 4; lastKnownFileType = sourcecode.cpp.h; path = catch_approx.hpp; sourceTree = "<group>"; };
		4A6D0C47149B3E3D00DB3EAA /* catch_capture.hpp */ = {isa = PBXFileReference; fileEncoding = 4; lastKnownFileType = sourcecode.cpp.h; lineEnding = 0; path = catch_capture.hpp; sourceTree = "<group>"; xcLanguageSpecificationIdentifier = xcode.lang.cpp; };
		4A6D0C48149B3E3D00DB3EAA /* catch_commandline.hpp */ = {isa = PBXFileReference; fileEncoding = 4; lastKnownFileType = sourcecode.cpp.h; path = catch_commandline.hpp; sourceTree = "<group>"; };
		4A6D0C49149B3E3D00DB3EAA /* catch_common.h */ = {isa = PBXFileReference; fileEncoding = 4; lastKnownFileType = sourcecode.c.h; path = catch_common.h; sourceTree = "<group>"; };
		4A6D0C4A149B3E3D00DB3EAA /* catch_config.hpp */ = {isa = PBXFileReference; fileEncoding = 4; lastKnownFileType = sourcecode.cpp.h; path = catch_config.hpp; sourceTree = "<group>"; };
		4A6D0C4B149B3E3D00DB3EAA /* catch_debugger.hpp */ = {isa = PBXFileReference; fileEncoding = 4; lastKnownFileType = sourcecode.cpp.h; path = catch_debugger.hpp; sourceTree = "<group>"; };
		4A6D0C4C149B3E3D00DB3EAA /* catch_default_main.hpp */ = {isa = PBXFileReference; fileEncoding = 4; lastKnownFileType = sourcecode.cpp.h; path = catch_default_main.hpp; sourceTree = "<group>"; };
		4A6D0C4D149B3E3D00DB3EAA /* catch_evaluate.hpp */ = {isa = PBXFileReference; fileEncoding = 4; lastKnownFileType = sourcecode.cpp.h; path = catch_evaluate.hpp; sourceTree = "<group>"; };
		4A6D0C4E149B3E3D00DB3EAA /* catch_exception_translator_registry.hpp */ = {isa = PBXFileReference; fileEncoding = 4; lastKnownFileType = sourcecode.cpp.h; path = catch_exception_translator_registry.hpp; sourceTree = "<group>"; };
		4A6D0C4F149B3E3D00DB3EAA /* catch_generators.hpp */ = {isa = PBXFileReference; fileEncoding = 4; lastKnownFileType = sourcecode.cpp.h; path = catch_generators.hpp; sourceTree = "<group>"; };
		4A6D0C50149B3E3D00DB3EAA /* catch_generators_impl.hpp */ = {isa = PBXFileReference; fileEncoding = 4; lastKnownFileType = sourcecode.cpp.h; path = catch_generators_impl.hpp; sourceTree = "<group>"; };
		4A6D0C51149B3E3D00DB3EAA /* catch_context.h */ = {isa = PBXFileReference; fileEncoding = 4; lastKnownFileType = sourcecode.c.h; path = catch_context.h; sourceTree = "<group>"; };
		4A6D0C52149B3E3D00DB3EAA /* catch_context_impl.hpp */ = {isa = PBXFileReference; fileEncoding = 4; lastKnownFileType = sourcecode.cpp.h; path = catch_context_impl.hpp; sourceTree = "<group>"; };
		4A6D0C53149B3E3D00DB3EAA /* catch_interfaces_capture.h */ = {isa = PBXFileReference; fileEncoding = 4; lastKnownFileType = sourcecode.c.h; path = catch_interfaces_capture.h; sourceTree = "<group>"; };
		4A6D0C54149B3E3D00DB3EAA /* catch_interfaces_exception.h */ = {isa = PBXFileReference; fileEncoding = 4; lastKnownFileType = sourcecode.c.h; lineEnding = 0; path = catch_interfaces_exception.h; sourceTree = "<group>"; xcLanguageSpecificationIdentifier = xcode.lang.objcpp; };
		4A6D0C55149B3E3D00DB3EAA /* catch_interfaces_reporter.h */ = {isa = PBXFileReference; fileEncoding = 4; lastKnownFileType = sourcecode.c.h; path = catch_interfaces_reporter.h; sourceTree = "<group>"; };
		4A6D0C56149B3E3D00DB3EAA /* catch_interfaces_runner.h */ = {isa = PBXFileReference; fileEncoding = 4; lastKnownFileType = sourcecode.c.h; path = catch_interfaces_runner.h; sourceTree = "<group>"; };
		4A6D0C57149B3E3D00DB3EAA /* catch_interfaces_testcase.h */ = {isa = PBXFileReference; fileEncoding = 4; lastKnownFileType = sourcecode.c.h; path = catch_interfaces_testcase.h; sourceTree = "<group>"; };
		4A6D0C58149B3E3D00DB3EAA /* catch_list.hpp */ = {isa = PBXFileReference; fileEncoding = 4; lastKnownFileType = sourcecode.cpp.h; lineEnding = 0; path = catch_list.hpp; sourceTree = "<group>"; xcLanguageSpecificationIdentifier = xcode.lang.cpp; };
		4A6D0C59149B3E3D00DB3EAA /* catch_objc.hpp */ = {isa = PBXFileReference; fileEncoding = 4; lastKnownFileType = sourcecode.cpp.h; path = catch_objc.hpp; sourceTree = "<group>"; };
		4A6D0C5A149B3E3D00DB3EAA /* catch_reporter_registrars.hpp */ = {isa = PBXFileReference; fileEncoding = 4; lastKnownFileType = sourcecode.cpp.h; lineEnding = 0; path = catch_reporter_registrars.hpp; sourceTree = "<group>"; xcLanguageSpecificationIdentifier = xcode.lang.cpp; };
		4A6D0C5B149B3E3D00DB3EAA /* catch_reporter_registry.hpp */ = {isa = PBXFileReference; fileEncoding = 4; lastKnownFileType = sourcecode.cpp.h; path = catch_reporter_registry.hpp; sourceTree = "<group>"; };
		4A6D0C5C149B3E3D00DB3EAA /* catch_result_type.h */ = {isa = PBXFileReference; fileEncoding = 4; lastKnownFileType = sourcecode.c.h; path = catch_result_type.h; sourceTree = "<group>"; };
		4A6D0C5D149B3E3D00DB3EAA /* catch_resultinfo.h */ = {isa = PBXFileReference; fileEncoding = 4; lastKnownFileType = sourcecode.c.h; path = catch_resultinfo.h; sourceTree = "<group>"; };
		4A6D0C5E149B3E3D00DB3EAA /* catch_runner_impl.hpp */ = {isa = PBXFileReference; fileEncoding = 4; lastKnownFileType = sourcecode.cpp.h; lineEnding = 0; path = catch_runner_impl.hpp; sourceTree = "<group>"; xcLanguageSpecificationIdentifier = xcode.lang.cpp; };
		4A6D0C5F149B3E3D00DB3EAA /* catch_section.hpp */ = {isa = PBXFileReference; fileEncoding = 4; lastKnownFileType = sourcecode.cpp.h; path = catch_section.hpp; sourceTree = "<group>"; };
		4A6D0C60149B3E3D00DB3EAA /* catch_stream.hpp */ = {isa = PBXFileReference; fileEncoding = 4; lastKnownFileType = sourcecode.cpp.h; path = catch_stream.hpp; sourceTree = "<group>"; };
		4A6D0C61149B3E3D00DB3EAA /* catch_test_case_info.h */ = {isa = PBXFileReference; fileEncoding = 4; lastKnownFileType = sourcecode.c.h; path = catch_test_case_info.h; sourceTree = "<group>"; };
		4A6D0C62149B3E3D00DB3EAA /* catch_test_case_registry_impl.hpp */ = {isa = PBXFileReference; fileEncoding = 4; lastKnownFileType = sourcecode.cpp.h; lineEnding = 0; path = catch_test_case_registry_impl.hpp; sourceTree = "<group>"; xcLanguageSpecificationIdentifier = xcode.lang.cpp; };
		4A6D0C63149B3E3D00DB3EAA /* catch_test_registry.hpp */ = {isa = PBXFileReference; fileEncoding = 4; lastKnownFileType = sourcecode.cpp.h; path = catch_test_registry.hpp; sourceTree = "<group>"; };
		4A6D0C64149B3E3D00DB3EAA /* catch_xmlwriter.hpp */ = {isa = PBXFileReference; fileEncoding = 4; lastKnownFileType = sourcecode.cpp.h; path = catch_xmlwriter.hpp; sourceTree = "<group>"; };
		4A6D0C66149B3E3D00DB3EAA /* catch_reporter_basic.hpp */ = {isa = PBXFileReference; fileEncoding = 4; lastKnownFileType = sourcecode.cpp.h; path = catch_reporter_basic.hpp; sourceTree = "<group>"; };
		4A6D0C67149B3E3D00DB3EAA /* catch_reporter_junit.hpp */ = {isa = PBXFileReference; fileEncoding = 4; lastKnownFileType = sourcecode.cpp.h; path = catch_reporter_junit.hpp; sourceTree = "<group>"; };
		4A6D0C68149B3E3D00DB3EAA /* catch_reporter_xml.hpp */ = {isa = PBXFileReference; fileEncoding = 4; lastKnownFileType = sourcecode.cpp.h; path = catch_reporter_xml.hpp; sourceTree = "<group>"; };
		4A7ADB4314F631E10094FE10 /* catch_totals.hpp */ = {isa = PBXFileReference; fileEncoding = 4; lastKnownFileType = sourcecode.cpp.h; path = catch_totals.hpp; sourceTree = "<group>"; };
		4A90B59B15D0F61A00EF71BC /* catch_interfaces_generators.h */ = {isa = PBXFileReference; lastKnownFileType = sourcecode.c.h; path = catch_interfaces_generators.h; sourceTree = "<group>"; };
		4A90B59D15D24FE900EF71BC /* catch_resultinfo.hpp */ = {isa = PBXFileReference; lastKnownFileType = sourcecode.cpp.h; path = catch_resultinfo.hpp; sourceTree = "<group>"; };
		4A90B59E15D2521E00EF71BC /* catch_resultinfo_builder.hpp */ = {isa = PBXFileReference; lastKnownFileType = sourcecode.cpp.h; path = catch_resultinfo_builder.hpp; sourceTree = "<group>"; };
		4A9D84B11558FC0400FBB209 /* catch_tostring.hpp */ = {isa = PBXFileReference; lastKnownFileType = sourcecode.cpp.h; path = catch_tostring.hpp; sourceTree = "<group>"; };
		4A9D84B315599AC900FBB209 /* catch_resultinfo_builder.h */ = {isa = PBXFileReference; lastKnownFileType = sourcecode.c.h; path = catch_resultinfo_builder.h; sourceTree = "<group>"; };
		4AA7FF4115F3E89D009AD7F9 /* BDDTests.cpp */ = {isa = PBXFileReference; fileEncoding = 4; lastKnownFileType = sourcecode.cpp.cpp; path = BDDTests.cpp; sourceTree = "<group>"; };
		4AB1C73514F97BDA00F31DF7 /* catch_console_colour_impl.hpp */ = {isa = PBXFileReference; fileEncoding = 4; lastKnownFileType = sourcecode.cpp.h; path = catch_console_colour_impl.hpp; sourceTree = "<group>"; };
		4AB1C73714F97C1300F31DF7 /* catch_console_colour.hpp */ = {isa = PBXFileReference; fileEncoding = 4; lastKnownFileType = sourcecode.cpp.h; path = catch_console_colour.hpp; sourceTree = "<group>"; };
		4AB77CB51551AEA200857BF0 /* catch_ptr.hpp */ = {isa = PBXFileReference; lastKnownFileType = sourcecode.cpp.h; path = catch_ptr.hpp; sourceTree = "<group>"; };
		4AB77CB71553B72B00857BF0 /* catch_section_info.hpp */ = {isa = PBXFileReference; lastKnownFileType = sourcecode.cpp.h; path = catch_section_info.hpp; sourceTree = "<group>"; };
		4AB77CB81553BB3800857BF0 /* catch_running_test.hpp */ = {isa = PBXFileReference; lastKnownFileType = sourcecode.cpp.h; path = catch_running_test.hpp; sourceTree = "<group>"; };
		4ABEA80415C90D2B009F0424 /* catch_objc_arc.hpp */ = {isa = PBXFileReference; fileEncoding = 4; lastKnownFileType = sourcecode.cpp.h; path = catch_objc_arc.hpp; sourceTree = "<group>"; };
		4AC91CCE155CF02800DC5117 /* catch_expression.hpp */ = {isa = PBXFileReference; lastKnownFileType = sourcecode.cpp.h; path = catch_expression.hpp; sourceTree = "<group>"; };
		4AC91CD0155D8DA600DC5117 /* catch_expression_builder.hpp */ = {isa = PBXFileReference; lastKnownFileType = sourcecode.cpp.h; path = catch_expression_builder.hpp; sourceTree = "<group>"; };
		4AE1840A14EE4F230066340D /* catch_self_test.cpp */ = {isa = PBXFileReference; fileEncoding = 4; lastKnownFileType = sourcecode.cpp.cpp; name = catch_self_test.cpp; path = ../../../SelfTest/catch_self_test.cpp; sourceTree = "<group>"; };
		4AFC661D157E96A7009D58CF /* catch_interfaces_config.h */ = {isa = PBXFileReference; lastKnownFileType = sourcecode.c.h; path = catch_interfaces_config.h; sourceTree = "<group>"; };
/* End PBXFileReference section */

/* Begin PBXFrameworksBuildPhase section */
		4A6D0C1D149B3D3B00DB3EAA /* Frameworks */ = {
			isa = PBXFrameworksBuildPhase;
			buildActionMask = 2147483647;
			files = (
			);
			runOnlyForDeploymentPostprocessing = 0;
		};
/* End PBXFrameworksBuildPhase section */

/* Begin PBXGroup section */
		4A6D0C15149B3D3B00DB3EAA = {
			isa = PBXGroup;
			children = (
				4A6D0C23149B3D3B00DB3EAA /* CatchSelfTest */,
				4A6D0C21149B3D3B00DB3EAA /* Products */,
			);
			sourceTree = "<group>";
		};
		4A6D0C21149B3D3B00DB3EAA /* Products */ = {
			isa = PBXGroup;
			children = (
				4A6D0C20149B3D3B00DB3EAA /* CatchSelfTest */,
			);
			name = Products;
			sourceTree = "<group>";
		};
		4A6D0C23149B3D3B00DB3EAA /* CatchSelfTest */ = {
			isa = PBXGroup;
			children = (
				4A6D0C35149B3D9E00DB3EAA /* TestMain.cpp */,
				4A6D0C2E149B3D9E00DB3EAA /* catch_self_test.hpp */,
				4AE1840A14EE4F230066340D /* catch_self_test.cpp */,
				4A6D0C40149B3DAB00DB3EAA /* Tests */,
				4A6D0C41149B3DE900DB3EAA /* Catch */,
				4A6D0C26149B3D3B00DB3EAA /* CatchSelfTest.1 */,
			);
			path = CatchSelfTest;
			sourceTree = "<group>";
		};
		4A6D0C40149B3DAB00DB3EAA /* Tests */ = {
			isa = PBXGroup;
			children = (
				4A6D0C36149B3D9E00DB3EAA /* TrickyTests.cpp */,
				4A6D0C2D149B3D9E00DB3EAA /* ApproxTests.cpp */,
				4A6D0C2F149B3D9E00DB3EAA /* ClassTests.cpp */,
				4A6D0C30149B3D9E00DB3EAA /* ConditionTests.cpp */,
				4A6D0C31149B3D9E00DB3EAA /* ExceptionTests.cpp */,
				4A6D0C32149B3D9E00DB3EAA /* GeneratorTests.cpp */,
				4A6D0C33149B3D9E00DB3EAA /* MessageTests.cpp */,
				4A6D0C34149B3D9E00DB3EAA /* MiscTests.cpp */,
				4AA7FF4115F3E89D009AD7F9 /* BDDTests.cpp */,
			);
			name = Tests;
			sourceTree = "<group>";
		};
		4A6D0C41149B3DE900DB3EAA /* Catch */ = {
			isa = PBXGroup;
			children = (
				4A6D0C44149B3E1500DB3EAA /* catch.hpp */,
				4A6D0C42149B3E1500DB3EAA /* catch_runner.hpp */,
				4A6D0C43149B3E1500DB3EAA /* catch_with_main.hpp */,
				4A6D0C45149B3E3D00DB3EAA /* internal */,
				4A6D0C65149B3E3D00DB3EAA /* reporters */,
			);
			name = Catch;
			sourceTree = "<group>";
		};
		4A6D0C45149B3E3D00DB3EAA /* internal */ = {
			isa = PBXGroup;
			children = (
				4AC91CC3155C38D300DC5117 /* Objective-C */,
				4AC91CC2155C388300DC5117 /* Infrastructure */,
				4AC91CC1155C387400DC5117 /* Interfaces */,
				4AC91CC0155C384400DC5117 /* Process */,
				4AC91CBF155C381600DC5117 /* Test execution */,
				4AC91CBE155C37F800DC5117 /* Registries */,
				4AC91CBD155C37B500DC5117 /* Assertions */,
				4AC91CB4155B9EBF00DC5117 /* impl */,
			);
			name = internal;
			path = ../../../../include/internal;
			sourceTree = "<group>";
		};
		4A6D0C65149B3E3D00DB3EAA /* reporters */ = {
			isa = PBXGroup;
			children = (
				4A6D0C66149B3E3D00DB3EAA /* catch_reporter_basic.hpp */,
				4A6D0C67149B3E3D00DB3EAA /* catch_reporter_junit.hpp */,
				4A6D0C68149B3E3D00DB3EAA /* catch_reporter_xml.hpp */,
			);
			name = reporters;
			path = ../../../../include/reporters;
			sourceTree = "<group>";
		};
		4AC91CB4155B9EBF00DC5117 /* impl */ = {
			isa = PBXGroup;
			children = (
				4A4B0F9C15CEFA8300AE2392 /* catch_impl.hpp */,
				4A4B0F9715CE6CFB00AE2392 /* catch_registry_hub.hpp */,
				4A6D0C50149B3E3D00DB3EAA /* catch_generators_impl.hpp */,
				4A6D0C52149B3E3D00DB3EAA /* catch_context_impl.hpp */,
				4A6D0C5E149B3E3D00DB3EAA /* catch_runner_impl.hpp */,
				4A6D0C62149B3E3D00DB3EAA /* catch_test_case_registry_impl.hpp */,
				4AB1C73514F97BDA00F31DF7 /* catch_console_colour_impl.hpp */,
				4A4B0F9B15CEF8C400AE2392 /* catch_notimplemented_exception.hpp */,
				4A90B59D15D24FE900EF71BC /* catch_resultinfo.hpp */,
				4A90B59E15D2521E00EF71BC /* catch_resultinfo_builder.hpp */,
				4A084F1C15DACEEA0027E631 /* catch_test_case_info.hpp */,
			);
			name = impl;
			sourceTree = "<group>";
		};
		4AC91CBD155C37B500DC5117 /* Assertions */ = {
			isa = PBXGroup;
			children = (
				4A6D0C4D149B3E3D00DB3EAA /* catch_evaluate.hpp */,
				4A6D0C4F149B3E3D00DB3EAA /* catch_generators.hpp */,
				4A6D0C5C149B3E3D00DB3EAA /* catch_result_type.h */,
				4A6D0C5D149B3E3D00DB3EAA /* catch_resultinfo.h */,
				4A9D84B315599AC900FBB209 /* catch_resultinfo_builder.h */,
				4A6D0C5F149B3E3D00DB3EAA /* catch_section.hpp */,
				4A3D7DD01503869D005F9203 /* catch_matchers.hpp */,
				4A9D84B11558FC0400FBB209 /* catch_tostring.hpp */,
				4A6D0C46149B3E3D00DB3EAA /* catch_approx.hpp */,
				4A6D0C47149B3E3D00DB3EAA /* catch_capture.hpp */,
				4AC91CCE155CF02800DC5117 /* catch_expression.hpp */,
				4AC91CD0155D8DA600DC5117 /* catch_expression_builder.hpp */,
				4A4B0F9A15CEF84800AE2392 /* catch_notimplemented_exception.h */,
			);
			name = Assertions;
			sourceTree = "<group>";
		};
		4AC91CBE155C37F800DC5117 /* Registries */ = {
			isa = PBXGroup;
			children = (
				4A6D0C4E149B3E3D00DB3EAA /* catch_exception_translator_registry.hpp */,
				4A6D0C5A149B3E3D00DB3EAA /* catch_reporter_registrars.hpp */,
				4A6D0C5B149B3E3D00DB3EAA /* catch_reporter_registry.hpp */,
				4A6D0C63149B3E3D00DB3EAA /* catch_test_registry.hpp */,
			);
			name = Registries;
			sourceTree = "<group>";
		};
		4AC91CBF155C381600DC5117 /* Test execution */ = {
			isa = PBXGroup;
			children = (
				4A6D0C4A149B3E3D00DB3EAA /* catch_config.hpp */,
				4A6D0C51149B3E3D00DB3EAA /* catch_context.h */,
				4A6D0C61149B3E3D00DB3EAA /* catch_test_case_info.h */,
				4A7ADB4314F631E10094FE10 /* catch_totals.hpp */,
				4AB77CB71553B72B00857BF0 /* catch_section_info.hpp */,
				4AB77CB81553BB3800857BF0 /* catch_running_test.hpp */,
				4A084F1D15DAD15F0027E631 /* catch_test_spec.h */,
			);
			name = "Test execution";
			sourceTree = "<group>";
		};
		4AC91CC0155C384400DC5117 /* Process */ = {
			isa = PBXGroup;
			children = (
				4A6D0C58149B3E3D00DB3EAA /* catch_list.hpp */,
				4A6D0C48149B3E3D00DB3EAA /* catch_commandline.hpp */,
				4A6D0C4C149B3E3D00DB3EAA /* catch_default_main.hpp */,
			);
			name = Process;
			sourceTree = "<group>";
		};
		4AC91CC1155C387400DC5117 /* Interfaces */ = {
			isa = PBXGroup;
			children = (
				4A4B0F9915CE6EC100AE2392 /* catch_interfaces_registry_hub.h */,
				4A6D0C53149B3E3D00DB3EAA /* catch_interfaces_capture.h */,
				4A6D0C54149B3E3D00DB3EAA /* catch_interfaces_exception.h */,
				4A6D0C55149B3E3D00DB3EAA /* catch_interfaces_reporter.h */,
				4A6D0C56149B3E3D00DB3EAA /* catch_interfaces_runner.h */,
				4A6D0C57149B3E3D00DB3EAA /* catch_interfaces_testcase.h */,
				4AFC661D157E96A7009D58CF /* catch_interfaces_config.h */,
				4A90B59B15D0F61A00EF71BC /* catch_interfaces_generators.h */,
			);
			name = Interfaces;
			sourceTree = "<group>";
		};
		4AC91CC2155C388300DC5117 /* Infrastructure */ = {
			isa = PBXGroup;
			children = (
				4A6D0C49149B3E3D00DB3EAA /* catch_common.h */,
				4A6D0C4B149B3E3D00DB3EAA /* catch_debugger.hpp */,
				4A6D0C60149B3E3D00DB3EAA /* catch_stream.hpp */,
				4A6D0C64149B3E3D00DB3EAA /* catch_xmlwriter.hpp */,
				4AB1C73714F97C1300F31DF7 /* catch_console_colour.hpp */,
				4AB77CB51551AEA200857BF0 /* catch_ptr.hpp */,
			);
			name = Infrastructure;
			sourceTree = "<group>";
		};
		4AC91CC3155C38D300DC5117 /* Objective-C */ = {
			isa = PBXGroup;
			children = (
				4A6D0C59149B3E3D00DB3EAA /* catch_objc.hpp */,
				4ABEA80415C90D2B009F0424 /* catch_objc_arc.hpp */,
			);
			name = "Objective-C";
			sourceTree = "<group>";
		};
/* End PBXGroup section */

/* Begin PBXNativeTarget section */
		4A6D0C1F149B3D3B00DB3EAA /* CatchSelfTest */ = {
			isa = PBXNativeTarget;
			buildConfigurationList = 4A6D0C2A149B3D3B00DB3EAA /* Build configuration list for PBXNativeTarget "CatchSelfTest" */;
			buildPhases = (
				4A6D0C1C149B3D3B00DB3EAA /* Sources */,
				4A6D0C1D149B3D3B00DB3EAA /* Frameworks */,
				4A6D0C1E149B3D3B00DB3EAA /* CopyFiles */,
			);
			buildRules = (
			);
			dependencies = (
			);
			name = CatchSelfTest;
			productName = CatchSelfTest;
			productReference = 4A6D0C20149B3D3B00DB3EAA /* CatchSelfTest */;
			productType = "com.apple.product-type.tool";
		};
/* End PBXNativeTarget section */

/* Begin PBXProject section */
		4A6D0C17149B3D3B00DB3EAA /* Project object */ = {
			isa = PBXProject;
			attributes = {
				LastUpgradeCheck = 0430;
			};
			buildConfigurationList = 4A6D0C1A149B3D3B00DB3EAA /* Build configuration list for PBXProject "CatchSelfTest" */;
			compatibilityVersion = "Xcode 3.2";
			developmentRegion = English;
			hasScannedForEncodings = 0;
			knownRegions = (
				en,
			);
			mainGroup = 4A6D0C15149B3D3B00DB3EAA;
			productRefGroup = 4A6D0C21149B3D3B00DB3EAA /* Products */;
			projectDirPath = "";
			projectRoot = "";
			targets = (
				4A6D0C1F149B3D3B00DB3EAA /* CatchSelfTest */,
			);
		};
/* End PBXProject section */

/* Begin PBXSourcesBuildPhase section */
		4A6D0C1C149B3D3B00DB3EAA /* Sources */ = {
			isa = PBXSourcesBuildPhase;
			buildActionMask = 2147483647;
			files = (
				4A6D0C37149B3D9E00DB3EAA /* ApproxTests.cpp in Sources */,
				4A6D0C38149B3D9E00DB3EAA /* ClassTests.cpp in Sources */,
				4A6D0C39149B3D9E00DB3EAA /* ConditionTests.cpp in Sources */,
				4A6D0C3A149B3D9E00DB3EAA /* ExceptionTests.cpp in Sources */,
				4A6D0C3B149B3D9E00DB3EAA /* GeneratorTests.cpp in Sources */,
				4A6D0C3C149B3D9E00DB3EAA /* MessageTests.cpp in Sources */,
				4A6D0C3D149B3D9E00DB3EAA /* MiscTests.cpp in Sources */,
				4A6D0C3E149B3D9E00DB3EAA /* TestMain.cpp in Sources */,
				4A6D0C3F149B3D9E00DB3EAA /* TrickyTests.cpp in Sources */,
				4AE1840B14EE4F230066340D /* catch_self_test.cpp in Sources */,
				4AA7FF4315F3E89E009AD7F9 /* BDDTests.cpp in Sources */,
			);
			runOnlyForDeploymentPostprocessing = 0;
		};
/* End PBXSourcesBuildPhase section */

/* Begin XCBuildConfiguration section */
		4A6D0C28149B3D3B00DB3EAA /* Debug */ = {
			isa = XCBuildConfiguration;
			buildSettings = {
				ALWAYS_SEARCH_USER_PATHS = NO;
				ARCHS = "$(ARCHS_STANDARD_64_BIT)";
				CLANG_CXX_LANGUAGE_STANDARD = "compiler-default";
				CLANG_CXX_LIBRARY = "compiler-default";
				CLANG_WARN_CXX0X_EXTENSIONS = YES;
				CLANG_WARN_IMPLICIT_SIGN_CONVERSION = YES;
				CLANG_WARN_SUSPICIOUS_IMPLICIT_CONVERSION = YES;
				CLANG_WARN__EXIT_TIME_DESTRUCTORS = NO;
				COPY_PHASE_STRIP = NO;
				GCC_C_LANGUAGE_STANDARD = gnu99;
				GCC_DYNAMIC_NO_PIC = NO;
				GCC_ENABLE_OBJC_EXCEPTIONS = YES;
				GCC_OPTIMIZATION_LEVEL = 0;
				GCC_PREPROCESSOR_DEFINITIONS = (
					"DEBUG=1",
					"$(inherited)",
				);
				GCC_SYMBOLS_PRIVATE_EXTERN = NO;
				GCC_TREAT_IMPLICIT_FUNCTION_DECLARATIONS_AS_ERRORS = YES;
				GCC_TREAT_INCOMPATIBLE_POINTER_TYPE_WARNINGS_AS_ERRORS = YES;
				GCC_VERSION = com.apple.compilers.llvm.clang.1_0;
				GCC_WARN_64_TO_32_BIT_CONVERSION = YES;
				GCC_WARN_ABOUT_MISSING_FIELD_INITIALIZERS = YES;
				GCC_WARN_ABOUT_MISSING_NEWLINE = YES;
				GCC_WARN_ABOUT_MISSING_PROTOTYPES = YES;
				GCC_WARN_ABOUT_RETURN_TYPE = YES;
				GCC_WARN_FOUR_CHARACTER_CONSTANTS = YES;
				GCC_WARN_HIDDEN_VIRTUAL_FUNCTIONS = YES;
				GCC_WARN_INITIALIZER_NOT_FULLY_BRACKETED = YES;
				GCC_WARN_NON_VIRTUAL_DESTRUCTOR = YES;
				GCC_WARN_PEDANTIC = YES;
				GCC_WARN_SHADOW = YES;
				GCC_WARN_SIGN_COMPARE = YES;
				GCC_WARN_UNINITIALIZED_AUTOS = YES;
				GCC_WARN_UNUSED_FUNCTION = YES;
				GCC_WARN_UNUSED_LABEL = YES;
				GCC_WARN_UNUSED_PARAMETER = YES;
				GCC_WARN_UNUSED_VARIABLE = YES;
				MACOSX_DEPLOYMENT_TARGET = 10.7;
				ONLY_ACTIVE_ARCH = YES;
				SDKROOT = macosx;
			};
			name = Debug;
		};
		4A6D0C29149B3D3B00DB3EAA /* Release */ = {
			isa = XCBuildConfiguration;
			buildSettings = {
				ALWAYS_SEARCH_USER_PATHS = NO;
				ARCHS = "$(ARCHS_STANDARD_64_BIT)";
				CLANG_CXX_LANGUAGE_STANDARD = "compiler-default";
				CLANG_CXX_LIBRARY = "compiler-default";
				CLANG_WARN_CXX0X_EXTENSIONS = YES;
				CLANG_WARN_IMPLICIT_SIGN_CONVERSION = YES;
				CLANG_WARN_SUSPICIOUS_IMPLICIT_CONVERSION = YES;
				CLANG_WARN__EXIT_TIME_DESTRUCTORS = NO;
				COPY_PHASE_STRIP = YES;
				DEBUG_INFORMATION_FORMAT = "dwarf-with-dsym";
				GCC_C_LANGUAGE_STANDARD = gnu99;
				GCC_ENABLE_OBJC_EXCEPTIONS = YES;
				GCC_TREAT_IMPLICIT_FUNCTION_DECLARATIONS_AS_ERRORS = YES;
				GCC_TREAT_INCOMPATIBLE_POINTER_TYPE_WARNINGS_AS_ERRORS = YES;
				GCC_VERSION = com.apple.compilers.llvm.clang.1_0;
				GCC_WARN_64_TO_32_BIT_CONVERSION = YES;
				GCC_WARN_ABOUT_MISSING_FIELD_INITIALIZERS = YES;
				GCC_WARN_ABOUT_MISSING_NEWLINE = YES;
				GCC_WARN_ABOUT_MISSING_PROTOTYPES = YES;
				GCC_WARN_ABOUT_RETURN_TYPE = YES;
				GCC_WARN_FOUR_CHARACTER_CONSTANTS = YES;
				GCC_WARN_HIDDEN_VIRTUAL_FUNCTIONS = YES;
				GCC_WARN_INITIALIZER_NOT_FULLY_BRACKETED = YES;
				GCC_WARN_NON_VIRTUAL_DESTRUCTOR = YES;
				GCC_WARN_PEDANTIC = YES;
				GCC_WARN_SHADOW = YES;
				GCC_WARN_SIGN_COMPARE = YES;
				GCC_WARN_UNINITIALIZED_AUTOS = YES;
				GCC_WARN_UNUSED_FUNCTION = YES;
				GCC_WARN_UNUSED_LABEL = YES;
				GCC_WARN_UNUSED_PARAMETER = YES;
				GCC_WARN_UNUSED_VARIABLE = YES;
				MACOSX_DEPLOYMENT_TARGET = 10.7;
				SDKROOT = macosx;
			};
			name = Release;
		};
		4A6D0C2B149B3D3B00DB3EAA /* Debug */ = {
			isa = XCBuildConfiguration;
			buildSettings = {
				CLANG_ANALYZER_SECURITY_FLOATLOOPCOUNTER = YES;
				CLANG_WARN__DUPLICATE_METHOD_MATCH = NO;
				PRODUCT_NAME = "$(TARGET_NAME)";
				WARNING_CFLAGS = (
					"-Weverything",
					"-Wno-disabled-macro-expansion",
					"-Wno-global-constructors",
				);
			};
			name = Debug;
		};
		4A6D0C2C149B3D3B00DB3EAA /* Release */ = {
			isa = XCBuildConfiguration;
			buildSettings = {
				CLANG_ANALYZER_SECURITY_FLOATLOOPCOUNTER = YES;
				CLANG_WARN__DUPLICATE_METHOD_MATCH = NO;
				PRODUCT_NAME = "$(TARGET_NAME)";
				WARNING_CFLAGS = (
					"-Weverything",
					"-Wno-disabled-macro-expansion",
					"-Wno-global-constructors",
				);
			};
			name = Release;
		};
/* End XCBuildConfiguration section */

/* Begin XCConfigurationList section */
		4A6D0C1A149B3D3B00DB3EAA /* Build configuration list for PBXProject "CatchSelfTest" */ = {
			isa = XCConfigurationList;
			buildConfigurations = (
				4A6D0C28149B3D3B00DB3EAA /* Debug */,
				4A6D0C29149B3D3B00DB3EAA /* Release */,
			);
			defaultConfigurationIsVisible = 0;
			defaultConfigurationName = Release;
		};
		4A6D0C2A149B3D3B00DB3EAA /* Build configuration list for PBXNativeTarget "CatchSelfTest" */ = {
			isa = XCConfigurationList;
			buildConfigurations = (
				4A6D0C2B149B3D3B00DB3EAA /* Debug */,
				4A6D0C2C149B3D3B00DB3EAA /* Release */,
			);
			defaultConfigurationIsVisible = 0;
			defaultConfigurationName = Release;
		};
/* End XCConfigurationList section */
	};
	rootObject = 4A6D0C17149B3D3B00DB3EAA /* Project object */;
}
