// !$*UTF8*$!
{
	archiveVersion = 1;
	classes = {
	};
	objectVersion = 45;
	objects = {

/* Begin PBXBuildFile section */
		4A060CEC1362030B00BBA8F8 /* TestMain.cpp in Sources */ = {isa = PBXBuildFile; fileRef = 4A060CE41362030B00BBA8F8 /* TestMain.cpp */; };
		4A060CED1362030B00BBA8F8 /* TrickyTests.cpp in Sources */ = {isa = PBXBuildFile; fileRef = 4A060CE51362030B00BBA8F8 /* TrickyTests.cpp */; };
		4A060CEE1362030B00BBA8F8 /* ExceptionTests.cpp in Sources */ = {isa = PBXBuildFile; fileRef = 4A060CE61362030B00BBA8F8 /* ExceptionTests.cpp */; };
		4A060CEF1362030B00BBA8F8 /* ClassTests.cpp in Sources */ = {isa = PBXBuildFile; fileRef = 4A060CE71362030B00BBA8F8 /* ClassTests.cpp */; };
		4A060CF01362030B00BBA8F8 /* MiscTests.cpp in Sources */ = {isa = PBXBuildFile; fileRef = 4A060CE81362030B00BBA8F8 /* MiscTests.cpp */; };
		4A060CF11362030B00BBA8F8 /* ConditionTests.cpp in Sources */ = {isa = PBXBuildFile; fileRef = 4A060CE91362030B00BBA8F8 /* ConditionTests.cpp */; };
		4A060CF21362030B00BBA8F8 /* MessageTests.cpp in Sources */ = {isa = PBXBuildFile; fileRef = 4A060CEA1362030B00BBA8F8 /* MessageTests.cpp */; };
		4A060CF31362030B00BBA8F8 /* GeneratorTests.cpp in Sources */ = {isa = PBXBuildFile; fileRef = 4A060CEB1362030B00BBA8F8 /* GeneratorTests.cpp */; };
		4A1A232913694D53002FDDE0 /* ApproxTests.cpp in Sources */ = {isa = PBXBuildFile; fileRef = 4A1A232813694D53002FDDE0 /* ApproxTests.cpp */; };
		8DD76F6A0486A84900D96B5E /* Test.1 in CopyFiles */ = {isa = PBXBuildFile; fileRef = C6859E8B029090EE04C91782 /* Test.1 */; };
/* End PBXBuildFile section */

/* Begin PBXCopyFilesBuildPhase section */
		8DD76F690486A84900D96B5E /* CopyFiles */ = {
			isa = PBXCopyFilesBuildPhase;
			buildActionMask = 8;
			dstPath = /usr/share/man/man1/;
			dstSubfolderSpec = 0;
			files = (
				8DD76F6A0486A84900D96B5E /* Test.1 in CopyFiles */,
			);
			runOnlyForDeploymentPostprocessing = 1;
		};
/* End PBXCopyFilesBuildPhase section */

/* Begin PBXFileReference section */
		4A060CE41362030B00BBA8F8 /* TestMain.cpp */ = {isa = PBXFileReference; fileEncoding = 4; lastKnownFileType = sourcecode.cpp.cpp; name = TestMain.cpp; path = ../SelfTest/TestMain.cpp; sourceTree = SOURCE_ROOT; };
		4A060CE51362030B00BBA8F8 /* TrickyTests.cpp */ = {isa = PBXFileReference; fileEncoding = 4; lastKnownFileType = sourcecode.cpp.cpp; name = TrickyTests.cpp; path = ../SelfTest/TrickyTests.cpp; sourceTree = SOURCE_ROOT; };
		4A060CE61362030B00BBA8F8 /* ExceptionTests.cpp */ = {isa = PBXFileReference; fileEncoding = 4; lastKnownFileType = sourcecode.cpp.cpp; name = ExceptionTests.cpp; path = ../SelfTest/ExceptionTests.cpp; sourceTree = SOURCE_ROOT; };
		4A060CE71362030B00BBA8F8 /* ClassTests.cpp */ = {isa = PBXFileReference; fileEncoding = 4; lastKnownFileType = sourcecode.cpp.cpp; name = ClassTests.cpp; path = ../SelfTest/ClassTests.cpp; sourceTree = SOURCE_ROOT; };
		4A060CE81362030B00BBA8F8 /* MiscTests.cpp */ = {isa = PBXFileReference; fileEncoding = 4; lastKnownFileType = sourcecode.cpp.cpp; name = MiscTests.cpp; path = ../SelfTest/MiscTests.cpp; sourceTree = SOURCE_ROOT; };
		4A060CE91362030B00BBA8F8 /* ConditionTests.cpp */ = {isa = PBXFileReference; fileEncoding = 4; lastKnownFileType = sourcecode.cpp.cpp; name = ConditionTests.cpp; path = ../SelfTest/ConditionTests.cpp; sourceTree = SOURCE_ROOT; };
		4A060CEA1362030B00BBA8F8 /* MessageTests.cpp */ = {isa = PBXFileReference; fileEncoding = 4; lastKnownFileType = sourcecode.cpp.cpp; name = MessageTests.cpp; path = ../SelfTest/MessageTests.cpp; sourceTree = SOURCE_ROOT; };
		4A060CEB1362030B00BBA8F8 /* GeneratorTests.cpp */ = {isa = PBXFileReference; fileEncoding = 4; lastKnownFileType = sourcecode.cpp.cpp; name = GeneratorTests.cpp; path = ../SelfTest/GeneratorTests.cpp; sourceTree = SOURCE_ROOT; };
		4A060CF41362033300BBA8F8 /* catch.hpp */ = {isa = PBXFileReference; fileEncoding = 4; lastKnownFileType = sourcecode.cpp.h; name = catch.hpp; path = ../../include/catch.hpp; sourceTree = SOURCE_ROOT; };
		4A060CF51362033300BBA8F8 /* catch_runner.hpp */ = {isa = PBXFileReference; fileEncoding = 4; lastKnownFileType = sourcecode.cpp.h; name = catch_runner.hpp; path = ../../include/catch_runner.hpp; sourceTree = SOURCE_ROOT; };
		4A060CF61362033300BBA8F8 /* catch_with_main.hpp */ = {isa = PBXFileReference; fileEncoding = 4; lastKnownFileType = sourcecode.cpp.h; name = catch_with_main.hpp; path = ../../include/catch_with_main.hpp; sourceTree = SOURCE_ROOT; };
		4A060CF71362036F00BBA8F8 /* catch_reporter_xml.hpp */ = {isa = PBXFileReference; fileEncoding = 4; lastKnownFileType = sourcecode.cpp.h; name = catch_reporter_xml.hpp; path = ../../include/reporters/catch_reporter_xml.hpp; sourceTree = SOURCE_ROOT; };
		4A060CF81362036F00BBA8F8 /* catch_reporter_basic.hpp */ = {isa = PBXFileReference; fileEncoding = 4; lastKnownFileType = sourcecode.cpp.h; name = catch_reporter_basic.hpp; path = ../../include/reporters/catch_reporter_basic.hpp; sourceTree = SOURCE_ROOT; };
		4A060CF91362036F00BBA8F8 /* catch_reporter_junit.hpp */ = {isa = PBXFileReference; fileEncoding = 4; lastKnownFileType = sourcecode.cpp.h; name = catch_reporter_junit.hpp; path = ../../include/reporters/catch_reporter_junit.hpp; sourceTree = SOURCE_ROOT; };
		4A060CFA1362038F00BBA8F8 /* catch_exception_translator_registry.hpp */ = {isa = PBXFileReference; fileEncoding = 4; lastKnownFileType = sourcecode.cpp.h; name = catch_exception_translator_registry.hpp; path = ../../include/internal/catch_exception_translator_registry.hpp; sourceTree = SOURCE_ROOT; };
		4A060CFB1362038F00BBA8F8 /* catch_interfaces_exception.h */ = {isa = PBXFileReference; fileEncoding = 4; lastKnownFileType = sourcecode.c.h; name = catch_interfaces_exception.h; path = ../../include/internal/catch_interfaces_exception.h; sourceTree = SOURCE_ROOT; };
		4A060CFC136203B800BBA8F8 /* catch_section.hpp */ = {isa = PBXFileReference; fileEncoding = 4; lastKnownFileType = sourcecode.cpp.h; name = catch_section.hpp; path = ../../include/internal/catch_section.hpp; sourceTree = SOURCE_ROOT; };
		4A060CFD136203B800BBA8F8 /* catch_runner_impl.hpp */ = {isa = PBXFileReference; fileEncoding = 4; lastKnownFileType = sourcecode.cpp.h; name = catch_runner_impl.hpp; path = ../../include/internal/catch_runner_impl.hpp; sourceTree = SOURCE_ROOT; };
		4A060CFE136203B800BBA8F8 /* catch_interfaces_capture.h */ = {isa = PBXFileReference; fileEncoding = 4; lastKnownFileType = sourcecode.c.h; name = catch_interfaces_capture.h; path = ../../include/internal/catch_interfaces_capture.h; sourceTree = SOURCE_ROOT; };
		4A060CFF136203B800BBA8F8 /* catch_test_case_info.hpp */ = {isa = PBXFileReference; fileEncoding = 4; lastKnownFileType = sourcecode.cpp.h; name = catch_test_case_info.hpp; path = ../../include/internal/catch_test_case_info.hpp; sourceTree = SOURCE_ROOT; };
		4A060D00136203B800BBA8F8 /* catch_test_registry.hpp */ = {isa = PBXFileReference; fileEncoding = 4; lastKnownFileType = sourcecode.cpp.h; name = catch_test_registry.hpp; path = ../../include/internal/catch_test_registry.hpp; sourceTree = SOURCE_ROOT; };
		4A060D01136203B800BBA8F8 /* catch_test_case_registry_impl.hpp */ = {isa = PBXFileReference; fileEncoding = 4; lastKnownFileType = sourcecode.cpp.h; name = catch_test_case_registry_impl.hpp; path = ../../include/internal/catch_test_case_registry_impl.hpp; sourceTree = SOURCE_ROOT; };
		4A060D02136203B800BBA8F8 /* catch_capture.hpp */ = {isa = PBXFileReference; fileEncoding = 4; lastKnownFileType = sourcecode.cpp.h; name = catch_capture.hpp; path = ../../include/internal/catch_capture.hpp; sourceTree = SOURCE_ROOT; };
		4A060D03136203B800BBA8F8 /* catch_hub_impl.hpp */ = {isa = PBXFileReference; fileEncoding = 4; lastKnownFileType = sourcecode.cpp.h; name = catch_hub_impl.hpp; path = ../../include/internal/catch_hub_impl.hpp; sourceTree = SOURCE_ROOT; };
		4A060D04136203B800BBA8F8 /* catch_hub.h */ = {isa = PBXFileReference; fileEncoding = 4; lastKnownFileType = sourcecode.c.h; name = catch_hub.h; path = ../../include/internal/catch_hub.h; sourceTree = SOURCE_ROOT; };
		4A060D05136203B800BBA8F8 /* catch_interfaces_reporter.h */ = {isa = PBXFileReference; fileEncoding = 4; lastKnownFileType = sourcecode.c.h; name = catch_interfaces_reporter.h; path = ../../include/internal/catch_interfaces_reporter.h; sourceTree = SOURCE_ROOT; };
		4A060D06136203B800BBA8F8 /* catch_commandline.hpp */ = {isa = PBXFileReference; fileEncoding = 4; lastKnownFileType = sourcecode.cpp.h; name = catch_commandline.hpp; path = ../../include/internal/catch_commandline.hpp; sourceTree = SOURCE_ROOT; };
		4A060D07136203B800BBA8F8 /* catch_config.hpp */ = {isa = PBXFileReference; fileEncoding = 4; lastKnownFileType = sourcecode.cpp.h; name = catch_config.hpp; path = ../../include/internal/catch_config.hpp; sourceTree = SOURCE_ROOT; };
		4A060D09136203B800BBA8F8 /* catch_resultinfo.hpp */ = {isa = PBXFileReference; fileEncoding = 4; lastKnownFileType = sourcecode.cpp.h; name = catch_resultinfo.hpp; path = ../../include/internal/catch_resultinfo.hpp; sourceTree = SOURCE_ROOT; };
		4A060D0A136203B800BBA8F8 /* catch_result_type.h */ = {isa = PBXFileReference; fileEncoding = 4; lastKnownFileType = sourcecode.c.h; name = catch_result_type.h; path = ../../include/internal/catch_result_type.h; sourceTree = SOURCE_ROOT; };
		4A060D0B136203B800BBA8F8 /* catch_interfaces_testcase.h */ = {isa = PBXFileReference; fileEncoding = 4; lastKnownFileType = sourcecode.c.h; name = catch_interfaces_testcase.h; path = ../../include/internal/catch_interfaces_testcase.h; sourceTree = SOURCE_ROOT; };
		4A060D0C136203B800BBA8F8 /* catch_interfaces_runner.h */ = {isa = PBXFileReference; fileEncoding = 4; lastKnownFileType = sourcecode.c.h; name = catch_interfaces_runner.h; path = ../../include/internal/catch_interfaces_runner.h; sourceTree = SOURCE_ROOT; };
		4A060D0D136203B800BBA8F8 /* catch_generators.hpp */ = {isa = PBXFileReference; fileEncoding = 4; lastKnownFileType = sourcecode.cpp.h; name = catch_generators.hpp; path = ../../include/internal/catch_generators.hpp; sourceTree = SOURCE_ROOT; };
		4A060D0E136203B800BBA8F8 /* catch_evaluate.hpp */ = {isa = PBXFileReference; fileEncoding = 4; lastKnownFileType = sourcecode.cpp.h; name = catch_evaluate.hpp; path = ../../include/internal/catch_evaluate.hpp; sourceTree = SOURCE_ROOT; };
		4A060D0F136203B800BBA8F8 /* catch_debugger.hpp */ = {isa = PBXFileReference; fileEncoding = 4; lastKnownFileType = sourcecode.cpp.h; name = catch_debugger.hpp; path = ../../include/internal/catch_debugger.hpp; sourceTree = SOURCE_ROOT; };
		4A060D10136203B800BBA8F8 /* catch_common.h */ = {isa = PBXFileReference; fileEncoding = 4; lastKnownFileType = sourcecode.c.h; name = catch_common.h; path = ../../include/internal/catch_common.h; sourceTree = SOURCE_ROOT; };
		4A060D11136203B800BBA8F8 /* catch_stream.hpp */ = {isa = PBXFileReference; fileEncoding = 4; lastKnownFileType = sourcecode.cpp.h; name = catch_stream.hpp; path = ../../include/internal/catch_stream.hpp; sourceTree = SOURCE_ROOT; };
		4A060D12136203B800BBA8F8 /* catch_list.hpp */ = {isa = PBXFileReference; fileEncoding = 4; lastKnownFileType = sourcecode.cpp.h; name = catch_list.hpp; path = ../../include/internal/catch_list.hpp; sourceTree = SOURCE_ROOT; };
		4A060D13136203B800BBA8F8 /* catch_reporter_registry.hpp */ = {isa = PBXFileReference; fileEncoding = 4; lastKnownFileType = sourcecode.cpp.h; name = catch_reporter_registry.hpp; path = ../../include/internal/catch_reporter_registry.hpp; sourceTree = SOURCE_ROOT; };
		4A060D14136203B800BBA8F8 /* catch_reporter_registrars.hpp */ = {isa = PBXFileReference; fileEncoding = 4; lastKnownFileType = sourcecode.cpp.h; name = catch_reporter_registrars.hpp; path = ../../include/internal/catch_reporter_registrars.hpp; sourceTree = SOURCE_ROOT; };
		4A060D15136203B800BBA8F8 /* catch_xmlwriter.hpp */ = {isa = PBXFileReference; fileEncoding = 4; lastKnownFileType = sourcecode.cpp.h; name = catch_xmlwriter.hpp; path = ../../include/internal/catch_xmlwriter.hpp; sourceTree = SOURCE_ROOT; };
		4A060D16136203B800BBA8F8 /* catch_generators_impl.hpp */ = {isa = PBXFileReference; fileEncoding = 4; lastKnownFileType = sourcecode.cpp.h; name = catch_generators_impl.hpp; path = ../../include/internal/catch_generators_impl.hpp; sourceTree = SOURCE_ROOT; };
		4A1A22AF136946E0002FDDE0 /* catch_approx.hpp */ = {isa = PBXFileReference; fileEncoding = 4; lastKnownFileType = sourcecode.cpp.h; name = catch_approx.hpp; path = ../../include/internal/catch_approx.hpp; sourceTree = SOURCE_ROOT; };
		4A1A232813694D53002FDDE0 /* ApproxTests.cpp */ = {isa = PBXFileReference; fileEncoding = 4; lastKnownFileType = sourcecode.cpp.cpp; name = ApproxTests.cpp; path = ../SelfTest/ApproxTests.cpp; sourceTree = SOURCE_ROOT; };
		4A27F2A813864BA6007B4B4E /* catch_default_main.hpp */ = {isa = PBXFileReference; fileEncoding = 4; lastKnownFileType = sourcecode.cpp.h; name = catch_default_main.hpp; path = ../../include/internal/catch_default_main.hpp; sourceTree = SOURCE_ROOT; };
		4A29343D138B8FC900C99100 /* catch_self_test.hpp */ = {isa = PBXFileReference; fileEncoding = 4; lastKnownFileType = sourcecode.cpp.h; name = catch_self_test.hpp; path = ../SelfTest/catch_self_test.hpp; sourceTree = SOURCE_ROOT; };
		8DD76F6C0486A84900D96B5E /* Test */ = {isa = PBXFileReference; explicitFileType = "compiled.mach-o.executable"; includeInIndex = 0; path = Test; sourceTree = BUILT_PRODUCTS_DIR; };
		C6859E8B029090EE04C91782 /* Test.1 */ = {isa = PBXFileReference; lastKnownFileType = text.man; path = Test.1; sourceTree = "<group>"; };
/* End PBXFileReference section */

/* Begin PBXFrameworksBuildPhase section */
		8DD76F660486A84900D96B5E /* Frameworks */ = {
			isa = PBXFrameworksBuildPhase;
			buildActionMask = 2147483647;
			files = (
			);
			runOnlyForDeploymentPostprocessing = 0;
		};
/* End PBXFrameworksBuildPhase section */

/* Begin PBXGroup section */
		08FB7794FE84155DC02AAC07 /* Test */ = {
			isa = PBXGroup;
			children = (
				08FB7795FE84155DC02AAC07 /* Source */,
				C6859E8C029090F304C91782 /* Documentation */,
				1AB674ADFE9D54B511CA2CBB /* Products */,
			);
			name = Test;
			sourceTree = "<group>";
		};
		08FB7795FE84155DC02AAC07 /* Source */ = {
			isa = PBXGroup;
			children = (
				4A060CE41362030B00BBA8F8 /* TestMain.cpp */,
				4AA7E96C129FA2A0005A0B97 /* Tests */,
				4AFC341312809A12003A0C29 /* Catch */,
			);
			name = Source;
			sourceTree = "<group>";
		};
		1AB674ADFE9D54B511CA2CBB /* Products */ = {
			isa = PBXGroup;
			children = (
				8DD76F6C0486A84900D96B5E /* Test */,
			);
			name = Products;
			sourceTree = "<group>";
		};
		4A13FF92135EBED500EC5928 /* Exceptions */ = {
			isa = PBXGroup;
			children = (
				4A060CFA1362038F00BBA8F8 /* catch_exception_translator_registry.hpp */,
				4A060CFB1362038F00BBA8F8 /* catch_interfaces_exception.h */,
			);
			name = Exceptions;
			sourceTree = "<group>";
		};
		4A302E3712D515B700C84B67 /* TestCase registration */ = {
			isa = PBXGroup;
			children = (
				4A060CFC136203B800BBA8F8 /* catch_section.hpp */,
				4A060D02136203B800BBA8F8 /* catch_capture.hpp */,
				4A060CFF136203B800BBA8F8 /* catch_test_case_info.hpp */,
				4A060D00136203B800BBA8F8 /* catch_test_registry.hpp */,
				4A060D0B136203B800BBA8F8 /* catch_interfaces_testcase.h */,
				4A060CFE136203B800BBA8F8 /* catch_interfaces_capture.h */,
				4A060D0A136203B800BBA8F8 /* catch_result_type.h */,
			);
			name = "TestCase registration";
			sourceTree = "<group>";
		};
		4A302E3812D515DF00C84B67 /* Running & Results */ = {
			isa = PBXGroup;
			children = (
				4A060D07136203B800BBA8F8 /* catch_config.hpp */,
				4A060D09136203B800BBA8F8 /* catch_resultinfo.hpp */,
				4A060CFD136203B800BBA8F8 /* catch_runner_impl.hpp */,
				4A060D0C136203B800BBA8F8 /* catch_interfaces_runner.h */,
				4A060D0D136203B800BBA8F8 /* catch_generators.hpp */,
				4A1A22AF136946E0002FDDE0 /* catch_approx.hpp */,
				4A27F2A813864BA6007B4B4E /* catch_default_main.hpp */,
			);
			name = "Running & Results";
			sourceTree = "<group>";
		};
		4A302E3912D5160400C84B67 /* Hub-Impl */ = {
			isa = PBXGroup;
			children = (
				4A060D01136203B800BBA8F8 /* catch_test_case_registry_impl.hpp */,
				4A060D04136203B800BBA8F8 /* catch_hub.h */,
				4A060D03136203B800BBA8F8 /* catch_hub_impl.hpp */,
				4A060D16136203B800BBA8F8 /* catch_generators_impl.hpp */,
			);
			name = "Hub-Impl";
			sourceTree = "<group>";
		};
		4A33BE0C12CE93380052A211 /* reporting */ = {
			isa = PBXGroup;
			children = (
				4A060D12136203B800BBA8F8 /* catch_list.hpp */,
				4A060D13136203B800BBA8F8 /* catch_reporter_registry.hpp */,
				4A060D14136203B800BBA8F8 /* catch_reporter_registrars.hpp */,
				4A060D05136203B800BBA8F8 /* catch_interfaces_reporter.h */,
			);
			name = reporting;
			sourceTree = "<group>";
		};
		4A33BE0F12CE936C0052A211 /* support */ = {
			isa = PBXGroup;
			children = (
				4A060D06136203B800BBA8F8 /* catch_commandline.hpp */,
				4A060D0F136203B800BBA8F8 /* catch_debugger.hpp */,
				4A060D10136203B800BBA8F8 /* catch_common.h */,
				4A060D15136203B800BBA8F8 /* catch_xmlwriter.hpp */,
				4A060D11136203B800BBA8F8 /* catch_stream.hpp */,
				4A060D0E136203B800BBA8F8 /* catch_evaluate.hpp */,
			);
			name = support;
			sourceTree = "<group>";
		};
		4AA7E96B129FA282005A0B97 /* Reporters */ = {
			isa = PBXGroup;
			children = (
				4A060CF71362036F00BBA8F8 /* catch_reporter_xml.hpp */,
				4A060CF81362036F00BBA8F8 /* catch_reporter_basic.hpp */,
				4A060CF91362036F00BBA8F8 /* catch_reporter_junit.hpp */,
			);
			name = Reporters;
			sourceTree = "<group>";
		};
		4AA7E96C129FA2A0005A0B97 /* Tests */ = {
			isa = PBXGroup;
			children = (
				4A060CE51362030B00BBA8F8 /* TrickyTests.cpp */,
				4A060CE61362030B00BBA8F8 /* ExceptionTests.cpp */,
				4A060CE71362030B00BBA8F8 /* ClassTests.cpp */,
				4A060CE81362030B00BBA8F8 /* MiscTests.cpp */,
				4A060CE91362030B00BBA8F8 /* ConditionTests.cpp */,
				4A060CEA1362030B00BBA8F8 /* MessageTests.cpp */,
				4A060CEB1362030B00BBA8F8 /* GeneratorTests.cpp */,
				4A1A232813694D53002FDDE0 /* ApproxTests.cpp */,
			);
			name = Tests;
			sourceTree = "<group>";
		};
		4AFC341312809A12003A0C29 /* Catch */ = {
			isa = PBXGroup;
			children = (
				4A29343D138B8FC900C99100 /* catch_self_test.hpp */,
				4A060CF41362033300BBA8F8 /* catch.hpp */,
				4A060CF51362033300BBA8F8 /* catch_runner.hpp */,
				4A060CF61362033300BBA8F8 /* catch_with_main.hpp */,
				4AA7E96B129FA282005A0B97 /* Reporters */,
				4AFC341412809A1B003A0C29 /* Internal */,
			);
			name = Catch;
			sourceTree = "<group>";
		};
		4AFC341412809A1B003A0C29 /* Internal */ = {
			isa = PBXGroup;
			children = (
				4A13FF92135EBED500EC5928 /* Exceptions */,
				4A302E3912D5160400C84B67 /* Hub-Impl */,
				4A302E3812D515DF00C84B67 /* Running & Results */,
				4A302E3712D515B700C84B67 /* TestCase registration */,
				4A33BE0F12CE936C0052A211 /* support */,
				4A33BE0C12CE93380052A211 /* reporting */,
			);
			name = Internal;
			sourceTree = "<group>";
		};
		C6859E8C029090F304C91782 /* Documentation */ = {
			isa = PBXGroup;
			children = (
				C6859E8B029090EE04C91782 /* Test.1 */,
			);
			name = Documentation;
			sourceTree = "<group>";
		};
/* End PBXGroup section */

/* Begin PBXNativeTarget section */
		8DD76F620486A84900D96B5E /* Test */ = {
			isa = PBXNativeTarget;
			buildConfigurationList = 1DEB923108733DC60010E9CD /* Build configuration list for PBXNativeTarget "Test" */;
			buildPhases = (
				8DD76F640486A84900D96B5E /* Sources */,
				8DD76F660486A84900D96B5E /* Frameworks */,
				8DD76F690486A84900D96B5E /* CopyFiles */,
			);
			buildRules = (
			);
			dependencies = (
			);
			name = Test;
			productInstallPath = "$(HOME)/bin";
			productName = Test;
			productReference = 8DD76F6C0486A84900D96B5E /* Test */;
			productType = "com.apple.product-type.tool";
		};
/* End PBXNativeTarget section */

/* Begin PBXProject section */
		08FB7793FE84155DC02AAC07 /* Project object */ = {
			isa = PBXProject;
			buildConfigurationList = 1DEB923508733DC60010E9CD /* Build configuration list for PBXProject "CatchSelfTest" */;
			compatibilityVersion = "Xcode 3.1";
			developmentRegion = English;
			hasScannedForEncodings = 1;
			knownRegions = (
				English,
				Japanese,
				French,
				German,
			);
			mainGroup = 08FB7794FE84155DC02AAC07 /* Test */;
			projectDirPath = "";
			projectRoot = "";
			targets = (
				8DD76F620486A84900D96B5E /* Test */,
			);
		};
/* End PBXProject section */

/* Begin PBXSourcesBuildPhase section */
		8DD76F640486A84900D96B5E /* Sources */ = {
			isa = PBXSourcesBuildPhase;
			buildActionMask = 2147483647;
			files = (
				4A060CEC1362030B00BBA8F8 /* TestMain.cpp in Sources */,
				4A060CED1362030B00BBA8F8 /* TrickyTests.cpp in Sources */,
				4A060CEE1362030B00BBA8F8 /* ExceptionTests.cpp in Sources */,
				4A060CEF1362030B00BBA8F8 /* ClassTests.cpp in Sources */,
				4A060CF01362030B00BBA8F8 /* MiscTests.cpp in Sources */,
				4A060CF11362030B00BBA8F8 /* ConditionTests.cpp in Sources */,
				4A060CF21362030B00BBA8F8 /* MessageTests.cpp in Sources */,
				4A060CF31362030B00BBA8F8 /* GeneratorTests.cpp in Sources */,
				4A1A232913694D53002FDDE0 /* ApproxTests.cpp in Sources */,
			);
			runOnlyForDeploymentPostprocessing = 0;
		};
/* End PBXSourcesBuildPhase section */

/* Begin XCBuildConfiguration section */
		1DEB923208733DC60010E9CD /* Debug */ = {
			isa = XCBuildConfiguration;
			buildSettings = {
				ALWAYS_SEARCH_USER_PATHS = NO;
				COPY_PHASE_STRIP = NO;
				GCC_DYNAMIC_NO_PIC = NO;
				GCC_ENABLE_FIX_AND_CONTINUE = YES;
				GCC_MODEL_TUNING = G5;
				GCC_OPTIMIZATION_LEVEL = 0;
				INSTALL_PATH = /usr/local/bin;
				PRODUCT_NAME = Test;
			};
			name = Debug;
		};
		1DEB923308733DC60010E9CD /* Release */ = {
			isa = XCBuildConfiguration;
			buildSettings = {
				ALWAYS_SEARCH_USER_PATHS = NO;
				DEBUG_INFORMATION_FORMAT = "dwarf-with-dsym";
				GCC_MODEL_TUNING = G5;
				INSTALL_PATH = /usr/local/bin;
				PRODUCT_NAME = Test;
			};
			name = Release;
		};
		1DEB923608733DC60010E9CD /* Debug */ = {
			isa = XCBuildConfiguration;
			buildSettings = {
				ARCHS = "$(ARCHS_STANDARD_32_64_BIT)";
				GCC_C_LANGUAGE_STANDARD = gnu99;
				GCC_OPTIMIZATION_LEVEL = 0;
				GCC_PREPROCESSOR_DEFINITIONS = DEBUG;
				GCC_TREAT_IMPLICIT_FUNCTION_DECLARATIONS_AS_ERRORS = YES;
				GCC_TREAT_NONCONFORMANT_CODE_ERRORS_AS_WARNINGS = YES;
				GCC_TREAT_WARNINGS_AS_ERRORS = NO;
				GCC_WARN_64_TO_32_BIT_CONVERSION = YES;
				GCC_WARN_ABOUT_GLOBAL_CONSTRUCTORS = NO;
				GCC_WARN_ABOUT_MISSING_FIELD_INITIALIZERS = YES;
				GCC_WARN_ABOUT_MISSING_NEWLINE = YES;
				GCC_WARN_ABOUT_MISSING_PROTOTYPES = NO;
				GCC_WARN_ABOUT_RETURN_TYPE = YES;
				GCC_WARN_CHECK_SWITCH_STATEMENTS = YES;
				GCC_WARN_EFFECTIVE_CPLUSPLUS_VIOLATIONS = NO;
				GCC_WARN_FOUR_CHARACTER_CONSTANTS = YES;
				GCC_WARN_HIDDEN_VIRTUAL_FUNCTIONS = YES;
				GCC_WARN_INHIBIT_ALL_WARNINGS = NO;
				GCC_WARN_INITIALIZER_NOT_FULLY_BRACKETED = YES;
				GCC_WARN_MISSING_PARENTHESES = YES;
				GCC_WARN_MULTIPLE_DEFINITION_TYPES_FOR_SELECTOR = YES;
				GCC_WARN_NON_VIRTUAL_DESTRUCTOR = YES;
				GCC_WARN_PEDANTIC = YES;
				GCC_WARN_PROTOTYPE_CONVERSION = YES;
				GCC_WARN_SHADOW = YES;
				GCC_WARN_SIGN_COMPARE = YES;
				GCC_WARN_STRICT_SELECTOR_MATCH = YES;
				GCC_WARN_UNINITIALIZED_AUTOS = NO;
				GCC_WARN_UNKNOWN_PRAGMAS = YES;
				GCC_WARN_UNUSED_FUNCTION = YES;
				GCC_WARN_UNUSED_LABEL = YES;
				GCC_WARN_UNUSED_PARAMETER = YES;
				GCC_WARN_UNUSED_VALUE = YES;
				GCC_WARN_UNUSED_VARIABLE = YES;
				ONLY_ACTIVE_ARCH = YES;
				PREBINDING = NO;
				SDKROOT = macosx10.6;
				USER_HEADER_SEARCH_PATHS = ../../include;
				WARNING_CFLAGS = (
					"-Winit-self",
					"-Wswitch-enum",
					"-Wunused",
					"-Wredundant-decls",
				);
			};
			name = Debug;
		};
		1DEB923708733DC60010E9CD /* Release */ = {
			isa = XCBuildConfiguration;
			buildSettings = {
				ARCHS = "$(ARCHS_STANDARD_32_64_BIT)";
				GCC_C_LANGUAGE_STANDARD = gnu99;
				GCC_WARN_ABOUT_RETURN_TYPE = YES;
				GCC_WARN_EFFECTIVE_CPLUSPLUS_VIOLATIONS = NO;
				GCC_WARN_UNUSED_VARIABLE = YES;
				PREBINDING = NO;
				SDKROOT = macosx10.6;
				USER_HEADER_SEARCH_PATHS = ../../include;
				WARNING_CFLAGS = (
					"-Winit-self",
					"-Wswitch-enum",
					"-Wunused",
					"-Wredundant-decls",
				);
			};
			name = Release;
		};
/* End XCBuildConfiguration section */

/* Begin XCConfigurationList section */
		1DEB923108733DC60010E9CD /* Build configuration list for PBXNativeTarget "Test" */ = {
			isa = XCConfigurationList;
			buildConfigurations = (
				1DEB923208733DC60010E9CD /* Debug */,
				1DEB923308733DC60010E9CD /* Release */,
			);
			defaultConfigurationIsVisible = 0;
			defaultConfigurationName = Release;
		};
		1DEB923508733DC60010E9CD /* Build configuration list for PBXProject "CatchSelfTest" */ = {
			isa = XCConfigurationList;
			buildConfigurations = (
				1DEB923608733DC60010E9CD /* Debug */,
				1DEB923708733DC60010E9CD /* Release */,
			);
			defaultConfigurationIsVisible = 0;
			defaultConfigurationName = Release;
		};
/* End XCConfigurationList section */
	};
	rootObject = 08FB7793FE84155DC02AAC07 /* Project object */;
}
