// !$*UTF8*$!
{
	archiveVersion = 1;
	classes = {
	};
	objectVersion = 45;
	objects = {

/* Begin PBXBuildFile section */
		4A3BFFB9128DCF06005609E3 /* TestMain.cpp in Sources */ = {isa = PBXBuildFile; fileRef = 4A3BFFB8128DCF06005609E3 /* TestMain.cpp */; };
		4AA7EA9212A438C7005A0B97 /* MiscTests.cpp in Sources */ = {isa = PBXBuildFile; fileRef = 4AA7EA9112A438C7005A0B97 /* MiscTests.cpp */; };
		4AFC38CD12887D80003A0C29 /* ConditionTests.cpp in Sources */ = {isa = PBXBuildFile; fileRef = 4AFC38CC12887D80003A0C29 /* ConditionTests.cpp */; };
		4AFC3A9912893C56003A0C29 /* ExceptionTests.cpp in Sources */ = {isa = PBXBuildFile; fileRef = 4AFC3A9812893C56003A0C29 /* ExceptionTests.cpp */; };
		4AFC3AA912893E54003A0C29 /* MessageTests.cpp in Sources */ = {isa = PBXBuildFile; fileRef = 4AFC3AA812893E54003A0C29 /* MessageTests.cpp */; };
		4AFC3B0B12894114003A0C29 /* ClassTests.cpp in Sources */ = {isa = PBXBuildFile; fileRef = 4AFC3B0A12894114003A0C29 /* ClassTests.cpp */; };
		4AFC3B671289C7E3003A0C29 /* TrickyTests.cpp in Sources */ = {isa = PBXBuildFile; fileRef = 4AFC3B661289C7E3003A0C29 /* TrickyTests.cpp */; };
		8DD76F6A0486A84900D96B5E /* Test.1 in CopyFiles */ = {isa = PBXBuildFile; fileRef = C6859E8B029090EE04C91782 /* Test.1 */; };
/* End PBXBuildFile section */

/* Begin PBXCopyFilesBuildPhase section */
		8DD76F690486A84900D96B5E /* CopyFiles */ = {
			isa = PBXCopyFilesBuildPhase;
			buildActionMask = 8;
			dstPath = /usr/share/man/man1/;
			dstSubfolderSpec = 0;
			files = (
				8DD76F6A0486A84900D96B5E /* Test.1 in CopyFiles */,
			);
			runOnlyForDeploymentPostprocessing = 1;
		};
/* End PBXCopyFilesBuildPhase section */

/* Begin PBXFileReference section */
		4A33BCE512CE7F500052A211 /* catch_hub.h */ = {isa = PBXFileReference; fileEncoding = 4; lastKnownFileType = sourcecode.c.h; name = catch_hub.h; path = ../internal/catch_hub.h; sourceTree = SOURCE_ROOT; };
		4A33BCF912CE80EC0052A211 /* catch_interfaces_reporter.h */ = {isa = PBXFileReference; fileEncoding = 4; lastKnownFileType = sourcecode.c.h; name = catch_interfaces_reporter.h; path = ../internal/catch_interfaces_reporter.h; sourceTree = SOURCE_ROOT; };
		4A33BDC312CE909A0052A211 /* catch_reporter_registrars.hpp */ = {isa = PBXFileReference; fileEncoding = 4; lastKnownFileType = sourcecode.cpp.h; name = catch_reporter_registrars.hpp; path = ../internal/catch_reporter_registrars.hpp; sourceTree = SOURCE_ROOT; };
		4A33BF0D12CEAC0C0052A211 /* catch_hub_impl.hpp */ = {isa = PBXFileReference; fileEncoding = 4; lastKnownFileType = sourcecode.cpp.h; name = catch_hub_impl.hpp; path = ../internal/catch_hub_impl.hpp; sourceTree = SOURCE_ROOT; };
		4A3BFFB8128DCF06005609E3 /* TestMain.cpp */ = {isa = PBXFileReference; fileEncoding = 4; lastKnownFileType = sourcecode.cpp.cpp; path = TestMain.cpp; sourceTree = "<group>"; };
		4A3BFFF0128DD23C005609E3 /* catch_config.hpp */ = {isa = PBXFileReference; fileEncoding = 4; lastKnownFileType = sourcecode.cpp.h; name = catch_config.hpp; path = ../internal/catch_config.hpp; sourceTree = SOURCE_ROOT; };
		4A6D514B12C8A547008F0415 /* catch_debugger.hpp */ = {isa = PBXFileReference; fileEncoding = 4; lastKnownFileType = sourcecode.cpp.h; name = catch_debugger.hpp; path = ../internal/catch_debugger.hpp; sourceTree = SOURCE_ROOT; };
		4A992A6512B2156C002B7B66 /* catch_xmlwriter.hpp */ = {isa = PBXFileReference; fileEncoding = 4; lastKnownFileType = sourcecode.cpp.h; name = catch_xmlwriter.hpp; path = ../internal/catch_xmlwriter.hpp; sourceTree = SOURCE_ROOT; };
		4A992A6612B21582002B7B66 /* catch_reporter_junit.hpp */ = {isa = PBXFileReference; fileEncoding = 4; lastKnownFileType = sourcecode.cpp.h; name = catch_reporter_junit.hpp; path = ../catch_reporter_junit.hpp; sourceTree = SOURCE_ROOT; };
		4AA7EA9112A438C7005A0B97 /* MiscTests.cpp */ = {isa = PBXFileReference; fileEncoding = 4; lastKnownFileType = sourcecode.cpp.cpp; path = MiscTests.cpp; sourceTree = "<group>"; };
		4AFC341512809A36003A0C29 /* catch_capture.hpp */ = {isa = PBXFileReference; fileEncoding = 4; lastKnownFileType = sourcecode.cpp.h; name = catch_capture.hpp; path = ../internal/catch_capture.hpp; sourceTree = SOURCE_ROOT; };
		4AFC341612809A36003A0C29 /* catch_common.h */ = {isa = PBXFileReference; fileEncoding = 4; lastKnownFileType = sourcecode.c.h; name = catch_common.h; path = ../internal/catch_common.h; sourceTree = SOURCE_ROOT; };
		4AFC341712809A36003A0C29 /* catch_registry.hpp */ = {isa = PBXFileReference; fileEncoding = 4; lastKnownFileType = sourcecode.cpp.h; name = catch_registry.hpp; path = ../internal/catch_registry.hpp; sourceTree = SOURCE_ROOT; };
		4AFC341812809A36003A0C29 /* catch_reporter_registry.hpp */ = {isa = PBXFileReference; fileEncoding = 4; lastKnownFileType = sourcecode.cpp.h; name = catch_reporter_registry.hpp; path = ../internal/catch_reporter_registry.hpp; sourceTree = SOURCE_ROOT; };
		4AFC341912809A36003A0C29 /* catch_resultinfo.hpp */ = {isa = PBXFileReference; fileEncoding = 4; lastKnownFileType = sourcecode.cpp.h; name = catch_resultinfo.hpp; path = ../internal/catch_resultinfo.hpp; sourceTree = SOURCE_ROOT; };
		4AFC341A12809A36003A0C29 /* catch_runner_impl.hpp */ = {isa = PBXFileReference; fileEncoding = 4; lastKnownFileType = sourcecode.cpp.h; name = catch_runner_impl.hpp; path = ../internal/catch_runner_impl.hpp; sourceTree = SOURCE_ROOT; };
		4AFC341B12809A36003A0C29 /* catch_testcaseinfo.hpp */ = {isa = PBXFileReference; fileEncoding = 4; lastKnownFileType = sourcecode.cpp.h; name = catch_testcaseinfo.hpp; path = ../internal/catch_testcaseinfo.hpp; sourceTree = SOURCE_ROOT; };
		4AFC341C12809A45003A0C29 /* catch_default_main.hpp */ = {isa = PBXFileReference; fileEncoding = 4; lastKnownFileType = sourcecode.cpp.h; name = catch_default_main.hpp; path = ../catch_default_main.hpp; sourceTree = SOURCE_ROOT; };
		4AFC341D12809A45003A0C29 /* catch_reporter_basic.hpp */ = {isa = PBXFileReference; fileEncoding = 4; lastKnownFileType = sourcecode.cpp.h; name = catch_reporter_basic.hpp; path = ../catch_reporter_basic.hpp; sourceTree = SOURCE_ROOT; };
		4AFC341E12809A45003A0C29 /* catch_reporter_xml.hpp */ = {isa = PBXFileReference; fileEncoding = 4; lastKnownFileType = sourcecode.cpp.h; name = catch_reporter_xml.hpp; path = ../catch_reporter_xml.hpp; sourceTree = SOURCE_ROOT; };
		4AFC341F12809A45003A0C29 /* catch_list.hpp */ = {isa = PBXFileReference; fileEncoding = 4; lastKnownFileType = sourcecode.cpp.h; name = catch_list.hpp; path = ../internal/catch_list.hpp; sourceTree = SOURCE_ROOT; };
		4AFC342012809A45003A0C29 /* catch.hpp */ = {isa = PBXFileReference; fileEncoding = 4; lastKnownFileType = sourcecode.cpp.h; name = catch.hpp; path = ../catch.hpp; sourceTree = SOURCE_ROOT; };
		4AFC346412809D41003A0C29 /* catch_commandline.hpp */ = {isa = PBXFileReference; fileEncoding = 4; lastKnownFileType = sourcecode.cpp.h; name = catch_commandline.hpp; path = ../internal/catch_commandline.hpp; sourceTree = SOURCE_ROOT; };
		4AFC359B1281F00B003A0C29 /* catch_section.hpp */ = {isa = PBXFileReference; fileEncoding = 4; lastKnownFileType = sourcecode.cpp.h; name = catch_section.hpp; path = ../internal/catch_section.hpp; sourceTree = SOURCE_ROOT; };
		4AFC38161284B387003A0C29 /* catch_runner.hpp */ = {isa = PBXFileReference; fileEncoding = 4; lastKnownFileType = sourcecode.cpp.h; name = catch_runner.hpp; path = ../catch_runner.hpp; sourceTree = SOURCE_ROOT; };
		4AFC38CC12887D80003A0C29 /* ConditionTests.cpp */ = {isa = PBXFileReference; fileEncoding = 4; lastKnownFileType = sourcecode.cpp.cpp; path = ConditionTests.cpp; sourceTree = "<group>"; };
		4AFC3A9812893C56003A0C29 /* ExceptionTests.cpp */ = {isa = PBXFileReference; fileEncoding = 4; lastKnownFileType = sourcecode.cpp.cpp; path = ExceptionTests.cpp; sourceTree = "<group>"; };
		4AFC3AA812893E54003A0C29 /* MessageTests.cpp */ = {isa = PBXFileReference; fileEncoding = 4; lastKnownFileType = sourcecode.cpp.cpp; path = MessageTests.cpp; sourceTree = "<group>"; };
		4AFC3B0A12894114003A0C29 /* ClassTests.cpp */ = {isa = PBXFileReference; fileEncoding = 4; lastKnownFileType = sourcecode.cpp.cpp; path = ClassTests.cpp; sourceTree = "<group>"; };
		4AFC3B661289C7E3003A0C29 /* TrickyTests.cpp */ = {isa = PBXFileReference; fileEncoding = 4; lastKnownFileType = sourcecode.cpp.cpp; path = TrickyTests.cpp; sourceTree = "<group>"; };
		8DD76F6C0486A84900D96B5E /* Test */ = {isa = PBXFileReference; explicitFileType = "compiled.mach-o.executable"; includeInIndex = 0; path = Test; sourceTree = BUILT_PRODUCTS_DIR; };
		C6859E8B029090EE04C91782 /* Test.1 */ = {isa = PBXFileReference; lastKnownFileType = text.man; path = Test.1; sourceTree = "<group>"; };
/* End PBXFileReference section */

/* Begin PBXFrameworksBuildPhase section */
		8DD76F660486A84900D96B5E /* Frameworks */ = {
			isa = PBXFrameworksBuildPhase;
			buildActionMask = 2147483647;
			files = (
			);
			runOnlyForDeploymentPostprocessing = 0;
		};
/* End PBXFrameworksBuildPhase section */

/* Begin PBXGroup section */
		08FB7794FE84155DC02AAC07 /* Test */ = {
			isa = PBXGroup;
			children = (
				08FB7795FE84155DC02AAC07 /* Source */,
				C6859E8C029090F304C91782 /* Documentation */,
				1AB674ADFE9D54B511CA2CBB /* Products */,
			);
			name = Test;
			sourceTree = "<group>";
		};
		08FB7795FE84155DC02AAC07 /* Source */ = {
			isa = PBXGroup;
			children = (
				4AA7E96C129FA2A0005A0B97 /* Tests */,
				4A3BFFB8128DCF06005609E3 /* TestMain.cpp */,
				4AFC341312809A12003A0C29 /* Catch */,
			);
			name = Source;
			sourceTree = "<group>";
		};
		1AB674ADFE9D54B511CA2CBB /* Products */ = {
			isa = PBXGroup;
			children = (
				8DD76F6C0486A84900D96B5E /* Test */,
			);
			name = Products;
			sourceTree = "<group>";
		};
		4A33BE0C12CE93380052A211 /* reporting */ = {
			isa = PBXGroup;
			children = (
				4AFC341812809A36003A0C29 /* catch_reporter_registry.hpp */,
				4A33BCF912CE80EC0052A211 /* catch_interfaces_reporter.h */,
				4A33BDC312CE909A0052A211 /* catch_reporter_registrars.hpp */,
			);
			name = reporting;
			sourceTree = "<group>";
		};
		4A33BE0F12CE936C0052A211 /* support */ = {
			isa = PBXGroup;
			children = (
				4AFC346412809D41003A0C29 /* catch_commandline.hpp */,
				4A6D514B12C8A547008F0415 /* catch_debugger.hpp */,
				4AFC341612809A36003A0C29 /* catch_common.h */,
				4A992A6512B2156C002B7B66 /* catch_xmlwriter.hpp */,
			);
			name = support;
			sourceTree = "<group>";
		};
		4AA7E96B129FA282005A0B97 /* Reporters */ = {
			isa = PBXGroup;
			children = (
				4A992A6612B21582002B7B66 /* catch_reporter_junit.hpp */,
				4AFC341D12809A45003A0C29 /* catch_reporter_basic.hpp */,
				4AFC341E12809A45003A0C29 /* catch_reporter_xml.hpp */,
			);
			name = Reporters;
			sourceTree = "<group>";
		};
		4AA7E96C129FA2A0005A0B97 /* Tests */ = {
			isa = PBXGroup;
			children = (
				4AA7EA9112A438C7005A0B97 /* MiscTests.cpp */,
				4AFC38CC12887D80003A0C29 /* ConditionTests.cpp */,
				4AFC3A9812893C56003A0C29 /* ExceptionTests.cpp */,
				4AFC3AA812893E54003A0C29 /* MessageTests.cpp */,
				4AFC3B0A12894114003A0C29 /* ClassTests.cpp */,
				4AFC3B661289C7E3003A0C29 /* TrickyTests.cpp */,
			);
			name = Tests;
			sourceTree = "<group>";
		};
		4AFC341312809A12003A0C29 /* Catch */ = {
			isa = PBXGroup;
			children = (
				4AFC342012809A45003A0C29 /* catch.hpp */,
				4AFC341C12809A45003A0C29 /* catch_default_main.hpp */,
				4AFC38161284B387003A0C29 /* catch_runner.hpp */,
				4AA7E96B129FA282005A0B97 /* Reporters */,
				4AFC341412809A1B003A0C29 /* Internal */,
			);
			name = Catch;
			sourceTree = "<group>";
		};
		4AFC341412809A1B003A0C29 /* Internal */ = {
			isa = PBXGroup;
			children = (
				4A33BE0F12CE936C0052A211 /* support */,
				4A33BE0C12CE93380052A211 /* reporting */,
				4A3BFFF0128DD23C005609E3 /* catch_config.hpp */,
				4AFC341F12809A45003A0C29 /* catch_list.hpp */,
				4AFC359B1281F00B003A0C29 /* catch_section.hpp */,
				4AFC341512809A36003A0C29 /* catch_capture.hpp */,
				4AFC341712809A36003A0C29 /* catch_registry.hpp */,
				4AFC341912809A36003A0C29 /* catch_resultinfo.hpp */,
				4AFC341A12809A36003A0C29 /* catch_runner_impl.hpp */,
				4AFC341B12809A36003A0C29 /* catch_testcaseinfo.hpp */,
				4A33BCE512CE7F500052A211 /* catch_hub.h */,
				4A33BF0D12CEAC0C0052A211 /* catch_hub_impl.hpp */,
			);
			name = Internal;
			sourceTree = "<group>";
		};
		C6859E8C029090F304C91782 /* Documentation */ = {
			isa = PBXGroup;
			children = (
				C6859E8B029090EE04C91782 /* Test.1 */,
			);
			name = Documentation;
			sourceTree = "<group>";
		};
/* End PBXGroup section */

/* Begin PBXNativeTarget section */
		8DD76F620486A84900D96B5E /* Test */ = {
			isa = PBXNativeTarget;
			buildConfigurationList = 1DEB923108733DC60010E9CD /* Build configuration list for PBXNativeTarget "Test" */;
			buildPhases = (
				8DD76F640486A84900D96B5E /* Sources */,
				8DD76F660486A84900D96B5E /* Frameworks */,
				8DD76F690486A84900D96B5E /* CopyFiles */,
			);
			buildRules = (
			);
			dependencies = (
			);
			name = Test;
			productInstallPath = "$(HOME)/bin";
			productName = Test;
			productReference = 8DD76F6C0486A84900D96B5E /* Test */;
			productType = "com.apple.product-type.tool";
		};
/* End PBXNativeTarget section */

/* Begin PBXProject section */
		08FB7793FE84155DC02AAC07 /* Project object */ = {
			isa = PBXProject;
			buildConfigurationList = 1DEB923508733DC60010E9CD /* Build configuration list for PBXProject "Test" */;
			compatibilityVersion = "Xcode 3.1";
			hasScannedForEncodings = 1;
			mainGroup = 08FB7794FE84155DC02AAC07 /* Test */;
			projectDirPath = "";
			projectRoot = "";
			targets = (
				8DD76F620486A84900D96B5E /* Test */,
			);
		};
/* End PBXProject section */

/* Begin PBXSourcesBuildPhase section */
		8DD76F640486A84900D96B5E /* Sources */ = {
			isa = PBXSourcesBuildPhase;
			buildActionMask = 2147483647;
			files = (
				4AFC38CD12887D80003A0C29 /* ConditionTests.cpp in Sources */,
				4AFC3A9912893C56003A0C29 /* ExceptionTests.cpp in Sources */,
				4AFC3AA912893E54003A0C29 /* MessageTests.cpp in Sources */,
				4AFC3B0B12894114003A0C29 /* ClassTests.cpp in Sources */,
				4AFC3B671289C7E3003A0C29 /* TrickyTests.cpp in Sources */,
				4A3BFFB9128DCF06005609E3 /* TestMain.cpp in Sources */,
				4AA7EA9212A438C7005A0B97 /* MiscTests.cpp in Sources */,
			);
			runOnlyForDeploymentPostprocessing = 0;
		};
/* End PBXSourcesBuildPhase section */

/* Begin XCBuildConfiguration section */
		1DEB923208733DC60010E9CD /* Debug */ = {
			isa = XCBuildConfiguration;
			buildSettings = {
				ALWAYS_SEARCH_USER_PATHS = NO;
				COPY_PHASE_STRIP = NO;
				GCC_DYNAMIC_NO_PIC = NO;
				GCC_ENABLE_FIX_AND_CONTINUE = YES;
				GCC_MODEL_TUNING = G5;
				GCC_OPTIMIZATION_LEVEL = 0;
				INSTALL_PATH = /usr/local/bin;
				PRODUCT_NAME = Test;
			};
			name = Debug;
		};
		1DEB923308733DC60010E9CD /* Release */ = {
			isa = XCBuildConfiguration;
			buildSettings = {
				ALWAYS_SEARCH_USER_PATHS = NO;
				DEBUG_INFORMATION_FORMAT = "dwarf-with-dsym";
				GCC_MODEL_TUNING = G5;
				INSTALL_PATH = /usr/local/bin;
				PRODUCT_NAME = Test;
			};
			name = Release;
		};
		1DEB923608733DC60010E9CD /* Debug */ = {
			isa = XCBuildConfiguration;
			buildSettings = {
				ARCHS = "$(ARCHS_STANDARD_32_64_BIT)";
				GCC_C_LANGUAGE_STANDARD = gnu99;
				GCC_OPTIMIZATION_LEVEL = 0;
				GCC_PREPROCESSOR_DEFINITIONS = DEBUG;
				GCC_WARN_ABOUT_RETURN_TYPE = YES;
				GCC_WARN_UNUSED_VARIABLE = YES;
				ONLY_ACTIVE_ARCH = YES;
				PREBINDING = NO;
				SDKROOT = macosx10.6;
				WARNING_CFLAGS = (
					"-Wextra",
					"-Wall",
				);
			};
			name = Debug;
		};
		1DEB923708733DC60010E9CD /* Release */ = {
			isa = XCBuildConfiguration;
			buildSettings = {
				ARCHS = "$(ARCHS_STANDARD_32_64_BIT)";
				GCC_C_LANGUAGE_STANDARD = gnu99;
				GCC_WARN_ABOUT_RETURN_TYPE = YES;
				GCC_WARN_UNUSED_VARIABLE = YES;
				PREBINDING = NO;
				SDKROOT = macosx10.6;
			};
			name = Release;
		};
/* End XCBuildConfiguration section */

/* Begin XCConfigurationList section */
		1DEB923108733DC60010E9CD /* Build configuration list for PBXNativeTarget "Test" */ = {
			isa = XCConfigurationList;
			buildConfigurations = (
				1DEB923208733DC60010E9CD /* Debug */,
				1DEB923308733DC60010E9CD /* Release */,
			);
			defaultConfigurationIsVisible = 0;
			defaultConfigurationName = Release;
		};
		1DEB923508733DC60010E9CD /* Build configuration list for PBXProject "Test" */ = {
			isa = XCConfigurationList;
			buildConfigurations = (
				1DEB923608733DC60010E9CD /* Debug */,
				1DEB923708733DC60010E9CD /* Release */,
			);
			defaultConfigurationIsVisible = 0;
			defaultConfigurationName = Release;
		};
/* End XCConfigurationList section */
	};
	rootObject = 08FB7793FE84155DC02AAC07 /* Project object */;
}
